// !$*UTF8*$!
{
	archiveVersion = 1;
	classes = {
	};
	objectVersion = 46;
	objects = {

/* Begin PBXBuildFile section */
		24036FAF15A85C8B00644C6D /* libDCTImageSizing.a in Frameworks */ = {isa = PBXBuildFile; fileRef = 24036FAA15A85C7F00644C6D /* libDCTImageSizing.a */; };
		2435B54115A5CD3800F38962 /* Foundation.framework in Frameworks */ = {isa = PBXBuildFile; fileRef = 2435B54015A5CD3800F38962 /* Foundation.framework */; };
		2435B59615A5CF3700F38962 /* libDCTConnectionController.a in Frameworks */ = {isa = PBXBuildFile; fileRef = 2435B55715A5CF0700F38962 /* libDCTConnectionController.a */; };
		2435B59715A5CF3700F38962 /* libDCTCoreData.a in Frameworks */ = {isa = PBXBuildFile; fileRef = 2435B56315A5CF0D00F38962 /* libDCTCoreData.a */; };
		2435B59815A5CF3700F38962 /* libDCTCoreDataStack.a in Frameworks */ = {isa = PBXBuildFile; fileRef = 2435B56F15A5CF1300F38962 /* libDCTCoreDataStack.a */; };
		2435B59915A5CF3700F38962 /* libDCTFoundation.a in Frameworks */ = {isa = PBXBuildFile; fileRef = 2435B57B15A5CF1800F38962 /* libDCTFoundation.a */; settings = {ATTRIBUTES = (Required, ); }; };
		2435B59A15A5CF3700F38962 /* libDCTTextFieldValidator.a in Frameworks */ = {isa = PBXBuildFile; fileRef = 2435B58715A5CF2000F38962 /* libDCTTextFieldValidator.a */; };
		2435B59B15A5CF3700F38962 /* libDCTUIKit.a in Frameworks */ = {isa = PBXBuildFile; fileRef = 2435B59315A5CF2600F38962 /* libDCTUIKit.a */; };
		2435B5B615A5D05D00F38962 /* libDCTImageCache.a in Frameworks */ = {isa = PBXBuildFile; fileRef = 2435B5B115A5D05600F38962 /* libDCTImageCache.a */; };
		24700BB215B83DCF00FA5843 /* CoreFoundation.framework in Frameworks */ = {isa = PBXBuildFile; fileRef = 24700BB115B83DCF00FA5843 /* CoreFoundation.framework */; };
		24700BB815B83DCF00FA5843 /* InfoPlist.strings in Resources */ = {isa = PBXBuildFile; fileRef = 24700BB615B83DCF00FA5843 /* InfoPlist.strings */; };
		24700BBD15B83DFD00FA5843 /* libDCTTableViewDataSources.a in Frameworks */ = {isa = PBXBuildFile; fileRef = 24700BA715B83DA600FA5843 /* libDCTTableViewDataSources.a */; };
		24700BBE15B83E0900FA5843 /* DCTTableViewDataSources.bundle in Resources */ = {isa = PBXBuildFile; fileRef = 24700BAB15B83DA600FA5843 /* DCTTableViewDataSources.bundle */; };
		24700C4E15B840C100FA5843 /* libDCTNetworkActivityIndicatorController.a in Frameworks */ = {isa = PBXBuildFile; fileRef = 24700C4B15B840B500FA5843 /* libDCTNetworkActivityIndicatorController.a */; };
/* End PBXBuildFile section */

/* Begin PBXContainerItemProxy section */
		24036FA915A85C7F00644C6D /* PBXContainerItemProxy */ = {
			isa = PBXContainerItemProxy;
			containerPortal = 24036F9F15A85C7F00644C6D /* DCTImageSizing.xcodeproj */;
			proxyType = 2;
			remoteGlobalIDString = 24BE272F15A8373F00161A59;
			remoteInfo = DCTImageSizing;
		};
		24036FAB15A85C7F00644C6D /* PBXContainerItemProxy */ = {
			isa = PBXContainerItemProxy;
			containerPortal = 24036F9F15A85C7F00644C6D /* DCTImageSizing.xcodeproj */;
			proxyType = 2;
			remoteGlobalIDString = 24BE274015A8373F00161A59;
			remoteInfo = DCTImageSizingTests;
		};
		24036FAD15A85C7F00644C6D /* PBXContainerItemProxy */ = {
			isa = PBXContainerItemProxy;
			containerPortal = 24036F9F15A85C7F00644C6D /* DCTImageSizing.xcodeproj */;
			proxyType = 2;
			remoteGlobalIDString = 24036F4A15A844F900644C6D;
			remoteInfo = DCTImageSizingDemo;
		};
		2435B55615A5CF0700F38962 /* PBXContainerItemProxy */ = {
			isa = PBXContainerItemProxy;
			containerPortal = 2435B54E15A5CF0700F38962 /* DCTConnectionController.xcodeproj */;
			proxyType = 2;
			remoteGlobalIDString = 24F6EC3C158A2BD100CEDD41;
			remoteInfo = DCTConnectionController;
		};
		2435B55815A5CF0700F38962 /* PBXContainerItemProxy */ = {
			isa = PBXContainerItemProxy;
			containerPortal = 2435B54E15A5CF0700F38962 /* DCTConnectionController.xcodeproj */;
			proxyType = 2;
			remoteGlobalIDString = 24F6EC4C158A2BD200CEDD41;
			remoteInfo = DCTConnectionControllerTests;
		};
		2435B56215A5CF0D00F38962 /* PBXContainerItemProxy */ = {
			isa = PBXContainerItemProxy;
			containerPortal = 2435B55A15A5CF0D00F38962 /* DCTCoreData.xcodeproj */;
			proxyType = 2;
			remoteGlobalIDString = 24F6EEDC158A442800CEDD41;
			remoteInfo = DCTCoreData;
		};
		2435B56415A5CF0D00F38962 /* PBXContainerItemProxy */ = {
			isa = PBXContainerItemProxy;
			containerPortal = 2435B55A15A5CF0D00F38962 /* DCTCoreData.xcodeproj */;
			proxyType = 2;
			remoteGlobalIDString = 24F6EEEC158A442800CEDD41;
			remoteInfo = DCTCoreDataTests;
		};
		2435B56E15A5CF1300F38962 /* PBXContainerItemProxy */ = {
			isa = PBXContainerItemProxy;
			containerPortal = 2435B56615A5CF1300F38962 /* DCTCoreDataStack.xcodeproj */;
			proxyType = 2;
			remoteGlobalIDString = 24F6EBF0158A261000CEDD41;
			remoteInfo = DCTCoreDataStack;
		};
		2435B57015A5CF1300F38962 /* PBXContainerItemProxy */ = {
			isa = PBXContainerItemProxy;
			containerPortal = 2435B56615A5CF1300F38962 /* DCTCoreDataStack.xcodeproj */;
			proxyType = 2;
			remoteGlobalIDString = 24F6EC00158A261000CEDD41;
			remoteInfo = DCTCoreDataStackTests;
		};
		2435B57A15A5CF1800F38962 /* PBXContainerItemProxy */ = {
			isa = PBXContainerItemProxy;
			containerPortal = 2435B57215A5CF1800F38962 /* DCTFoundation.xcodeproj */;
			proxyType = 2;
			remoteGlobalIDString = 24F6ED45158A379600CEDD41;
			remoteInfo = DCTFoundation;
		};
		2435B57C15A5CF1800F38962 /* PBXContainerItemProxy */ = {
			isa = PBXContainerItemProxy;
			containerPortal = 2435B57215A5CF1800F38962 /* DCTFoundation.xcodeproj */;
			proxyType = 2;
			remoteGlobalIDString = 24F6ED55158A379600CEDD41;
			remoteInfo = DCTFoundationTests;
		};
		2435B58615A5CF2000F38962 /* PBXContainerItemProxy */ = {
			isa = PBXContainerItemProxy;
			containerPortal = 2435B57E15A5CF1F00F38962 /* DCTTextFieldValidator.xcodeproj */;
			proxyType = 2;
			remoteGlobalIDString = 24B494D31591CB410004A76A;
			remoteInfo = DCTTextFieldValidator;
		};
		2435B58815A5CF2000F38962 /* PBXContainerItemProxy */ = {
			isa = PBXContainerItemProxy;
			containerPortal = 2435B57E15A5CF1F00F38962 /* DCTTextFieldValidator.xcodeproj */;
			proxyType = 2;
			remoteGlobalIDString = 24B494E41591CB410004A76A;
			remoteInfo = DCTTextFieldValidatorTests;
		};
		2435B59215A5CF2600F38962 /* PBXContainerItemProxy */ = {
			isa = PBXContainerItemProxy;
			containerPortal = 2435B58A15A5CF2600F38962 /* DCTUIKit.xcodeproj */;
			proxyType = 2;
			remoteGlobalIDString = 24F6EE46158A3F1E00CEDD41;
			remoteInfo = DCTUIKit;
		};
		2435B59415A5CF2600F38962 /* PBXContainerItemProxy */ = {
			isa = PBXContainerItemProxy;
			containerPortal = 2435B58A15A5CF2600F38962 /* DCTUIKit.xcodeproj */;
			proxyType = 2;
			remoteGlobalIDString = 24F6EE56158A3F1E00CEDD41;
			remoteInfo = DCTUIKitTests;
		};
		2435B5B015A5D05600F38962 /* PBXContainerItemProxy */ = {
			isa = PBXContainerItemProxy;
			containerPortal = 2435B5A615A5D05600F38962 /* DCTImageCache.xcodeproj */;
			proxyType = 2;
			remoteGlobalIDString = 24F7CB3F158A1B9D00B2E33E;
			remoteInfo = DCTImageCache;
		};
		2435B5B215A5D05600F38962 /* PBXContainerItemProxy */ = {
			isa = PBXContainerItemProxy;
			containerPortal = 2435B5A615A5D05600F38962 /* DCTImageCache.xcodeproj */;
			proxyType = 2;
			remoteGlobalIDString = 24F7CB50158A1B9D00B2E33E;
			remoteInfo = DCTImageCacheTests;
		};
		2435B5B415A5D05600F38962 /* PBXContainerItemProxy */ = {
			isa = PBXContainerItemProxy;
			containerPortal = 2435B5A615A5D05600F38962 /* DCTImageCache.xcodeproj */;
			proxyType = 2;
			remoteGlobalIDString = 24B3EEB815A2EB1F00D5E63C;
			remoteInfo = DCTImageCaccheDemo;
		};
		24700B8515B83D9000FA5843 /* PBXContainerItemProxy */ = {
			isa = PBXContainerItemProxy;
			containerPortal = 2435B54E15A5CF0700F38962 /* DCTConnectionController.xcodeproj */;
			proxyType = 2;
			remoteGlobalIDString = 249D6E3A159890F300FE9A23;
			remoteInfo = "iPhone Demo";
		};
		24700B8715B83D9000FA5843 /* PBXContainerItemProxy */ = {
			isa = PBXContainerItemProxy;
			containerPortal = 2435B54E15A5CF0700F38962 /* DCTConnectionController.xcodeproj */;
			proxyType = 2;
			remoteGlobalIDString = 24BE260F15A7410100161A59;
			remoteInfo = "Mac Demo";
		};
		24700B9815B83D9000FA5843 /* PBXContainerItemProxy */ = {
			isa = PBXContainerItemProxy;
			containerPortal = 2435B57E15A5CF1F00F38962 /* DCTTextFieldValidator.xcodeproj */;
			proxyType = 2;
			remoteGlobalIDString = 24E8FEC815B70C9900240A87;
			remoteInfo = Demo;
		};
		24700BA615B83DA600FA5843 /* PBXContainerItemProxy */ = {
			isa = PBXContainerItemProxy;
			containerPortal = 24700B9D15B83DA600FA5843 /* DCTTableViewDataSources.xcodeproj */;
			proxyType = 2;
			remoteGlobalIDString = 244A6765158B1AB100952890;
			remoteInfo = DCTTableViewDataSources;
		};
		24700BA815B83DA600FA5843 /* PBXContainerItemProxy */ = {
			isa = PBXContainerItemProxy;
			containerPortal = 24700B9D15B83DA600FA5843 /* DCTTableViewDataSources.xcodeproj */;
			proxyType = 2;
			remoteGlobalIDString = 244A6775158B1AB100952890;
			remoteInfo = DCTTableViewDataSourcesTests;
		};
		24700BAA15B83DA600FA5843 /* PBXContainerItemProxy */ = {
			isa = PBXContainerItemProxy;
			containerPortal = 24700B9D15B83DA600FA5843 /* DCTTableViewDataSources.xcodeproj */;
			proxyType = 2;
			remoteGlobalIDString = 24700B3815B835A100FA5843;
			remoteInfo = DCTTableViewDataSourcesBundle;
		};
		24700BBF15B83E1C00FA5843 /* PBXContainerItemProxy */ = {
			isa = PBXContainerItemProxy;
			containerPortal = 2435B53415A5CD3800F38962 /* Project object */;
			proxyType = 1;
			remoteGlobalIDString = 24700BAF15B83DCF00FA5843;
			remoteInfo = DCTKitBundle;
		};
		24700C4A15B840B500FA5843 /* PBXContainerItemProxy */ = {
			isa = PBXContainerItemProxy;
			containerPortal = 24700C4215B840B500FA5843 /* DCTNetworkActivityIndicatorController.xcodeproj */;
			proxyType = 2;
			remoteGlobalIDString = 24F6ECA4158A2EA900CEDD41;
			remoteInfo = DCTNetworkActivityIndicatorController;
		};
		24700C4C15B840B500FA5843 /* PBXContainerItemProxy */ = {
			isa = PBXContainerItemProxy;
			containerPortal = 24700C4215B840B500FA5843 /* DCTNetworkActivityIndicatorController.xcodeproj */;
			proxyType = 2;
			remoteGlobalIDString = 24F6ECB4158A2EA900CEDD41;
			remoteInfo = DCTNetworkActivityIndicatorControllerTests;
		};
		24700C4F15B8415A00FA5843 /* PBXContainerItemProxy */ = {
			isa = PBXContainerItemProxy;
			containerPortal = 24700B9D15B83DA600FA5843 /* DCTTableViewDataSources.xcodeproj */;
			proxyType = 1;
			remoteGlobalIDString = 24700B3715B835A100FA5843;
			remoteInfo = DCTTableViewDataSourcesBundle;
		};
/* End PBXContainerItemProxy section */

/* Begin PBXFileReference section */
		24036F9F15A85C7F00644C6D /* DCTImageSizing.xcodeproj */ = {isa = PBXFileReference; lastKnownFileType = "wrapper.pb-project"; name = DCTImageSizing.xcodeproj; path = DCTImageSizing/DCTImageSizing.xcodeproj; sourceTree = "<group>"; };
		2435B53D15A5CD3800F38962 /* libDCTKit.a */ = {isa = PBXFileReference; explicitFileType = archive.ar; includeInIndex = 0; path = libDCTKit.a; sourceTree = BUILT_PRODUCTS_DIR; };
		2435B54015A5CD3800F38962 /* Foundation.framework */ = {isa = PBXFileReference; lastKnownFileType = wrapper.framework; name = Foundation.framework; path = System/Library/Frameworks/Foundation.framework; sourceTree = SDKROOT; };
		2435B54E15A5CF0700F38962 /* DCTConnectionController.xcodeproj */ = {isa = PBXFileReference; lastKnownFileType = "wrapper.pb-project"; name = DCTConnectionController.xcodeproj; path = DCTConnectionController/DCTConnectionController.xcodeproj; sourceTree = "<group>"; };
		2435B55A15A5CF0D00F38962 /* DCTCoreData.xcodeproj */ = {isa = PBXFileReference; lastKnownFileType = "wrapper.pb-project"; name = DCTCoreData.xcodeproj; path = DCTCoreData/DCTCoreData.xcodeproj; sourceTree = "<group>"; };
		2435B56615A5CF1300F38962 /* DCTCoreDataStack.xcodeproj */ = {isa = PBXFileReference; lastKnownFileType = "wrapper.pb-project"; name = DCTCoreDataStack.xcodeproj; path = DCTCoreDataStack/DCTCoreDataStack.xcodeproj; sourceTree = "<group>"; };
		2435B57215A5CF1800F38962 /* DCTFoundation.xcodeproj */ = {isa = PBXFileReference; lastKnownFileType = "wrapper.pb-project"; name = DCTFoundation.xcodeproj; path = DCTFoundation/DCTFoundation.xcodeproj; sourceTree = "<group>"; };
		2435B57E15A5CF1F00F38962 /* DCTTextFieldValidator.xcodeproj */ = {isa = PBXFileReference; lastKnownFileType = "wrapper.pb-project"; name = DCTTextFieldValidator.xcodeproj; path = DCTTextFieldValidator/DCTTextFieldValidator.xcodeproj; sourceTree = "<group>"; };
		2435B58A15A5CF2600F38962 /* DCTUIKit.xcodeproj */ = {isa = PBXFileReference; lastKnownFileType = "wrapper.pb-project"; name = DCTUIKit.xcodeproj; path = DCTUIKit/DCTUIKit.xcodeproj; sourceTree = "<group>"; };
		2435B5A615A5D05600F38962 /* DCTImageCache.xcodeproj */ = {isa = PBXFileReference; lastKnownFileType = "wrapper.pb-project"; name = DCTImageCache.xcodeproj; path = DCTImageCache/DCTImageCache.xcodeproj; sourceTree = "<group>"; };
		24700B9D15B83DA600FA5843 /* DCTTableViewDataSources.xcodeproj */ = {isa = PBXFileReference; lastKnownFileType = "wrapper.pb-project"; name = DCTTableViewDataSources.xcodeproj; path = DCTTableViewDataSources/DCTTableViewDataSources.xcodeproj; sourceTree = "<group>"; };
		24700BB015B83DCF00FA5843 /* DCTKit.bundle */ = {isa = PBXFileReference; explicitFileType = wrapper.cfbundle; includeInIndex = 0; path = DCTKit.bundle; sourceTree = BUILT_PRODUCTS_DIR; };
		24700BB115B83DCF00FA5843 /* CoreFoundation.framework */ = {isa = PBXFileReference; lastKnownFileType = wrapper.framework; name = CoreFoundation.framework; path = System/Library/Frameworks/CoreFoundation.framework; sourceTree = SDKROOT; };
		24700BB515B83DCF00FA5843 /* DCTKitBundle-Info.plist */ = {isa = PBXFileReference; lastKnownFileType = text.plist.xml; path = "DCTKitBundle-Info.plist"; sourceTree = "<group>"; };
		24700BB715B83DCF00FA5843 /* en */ = {isa = PBXFileReference; lastKnownFileType = text.plist.strings; name = en; path = en.lproj/InfoPlist.strings; sourceTree = "<group>"; };
		24700BB915B83DCF00FA5843 /* DCTKitBundle-Prefix.pch */ = {isa = PBXFileReference; lastKnownFileType = sourcecode.c.h; path = "DCTKitBundle-Prefix.pch"; sourceTree = "<group>"; };
		24700C4215B840B500FA5843 /* DCTNetworkActivityIndicatorController.xcodeproj */ = {isa = PBXFileReference; lastKnownFileType = "wrapper.pb-project"; name = DCTNetworkActivityIndicatorController.xcodeproj; path = DCTNetworkActivityIndicatorController/DCTNetworkActivityIndicatorController.xcodeproj; sourceTree = "<group>"; };
/* End PBXFileReference section */

/* Begin PBXFrameworksBuildPhase section */
		2435B53A15A5CD3800F38962 /* Frameworks */ = {
			isa = PBXFrameworksBuildPhase;
			buildActionMask = 2147483647;
			files = (
				2435B59615A5CF3700F38962 /* libDCTConnectionController.a in Frameworks */,
				2435B59715A5CF3700F38962 /* libDCTCoreData.a in Frameworks */,
				2435B59815A5CF3700F38962 /* libDCTCoreDataStack.a in Frameworks */,
				2435B59915A5CF3700F38962 /* libDCTFoundation.a in Frameworks */,
				2435B5B615A5D05D00F38962 /* libDCTImageCache.a in Frameworks */,
				24036FAF15A85C8B00644C6D /* libDCTImageSizing.a in Frameworks */,
				24700C4E15B840C100FA5843 /* libDCTNetworkActivityIndicatorController.a in Frameworks */,
				24700BBD15B83DFD00FA5843 /* libDCTTableViewDataSources.a in Frameworks */,
				2435B59A15A5CF3700F38962 /* libDCTTextFieldValidator.a in Frameworks */,
				2435B59B15A5CF3700F38962 /* libDCTUIKit.a in Frameworks */,
				2435B54115A5CD3800F38962 /* Foundation.framework in Frameworks */,
			);
			runOnlyForDeploymentPostprocessing = 0;
		};
		24700BAD15B83DCF00FA5843 /* Frameworks */ = {
			isa = PBXFrameworksBuildPhase;
			buildActionMask = 2147483647;
			files = (
				24700BB215B83DCF00FA5843 /* CoreFoundation.framework in Frameworks */,
			);
			runOnlyForDeploymentPostprocessing = 0;
		};
/* End PBXFrameworksBuildPhase section */

/* Begin PBXGroup section */
		24036FA015A85C7F00644C6D /* Products */ = {
			isa = PBXGroup;
			children = (
				24036FAA15A85C7F00644C6D /* libDCTImageSizing.a */,
				24036FAC15A85C7F00644C6D /* DCTImageSizingTests.octest */,
				24036FAE15A85C7F00644C6D /* DCTImageSizingDemo.app */,
			);
			name = Products;
			sourceTree = "<group>";
		};
		2435B53215A5CD3800F38962 = {
			isa = PBXGroup;
			children = (
				24700BB315B83DCF00FA5843 /* DCTKitBundle */,
				2435B53F15A5CD3800F38962 /* Frameworks */,
				2435B53E15A5CD3800F38962 /* Products */,
				2435B54E15A5CF0700F38962 /* DCTConnectionController.xcodeproj */,
				2435B55A15A5CF0D00F38962 /* DCTCoreData.xcodeproj */,
				2435B56615A5CF1300F38962 /* DCTCoreDataStack.xcodeproj */,
				2435B57215A5CF1800F38962 /* DCTFoundation.xcodeproj */,
				2435B5A615A5D05600F38962 /* DCTImageCache.xcodeproj */,
				24036F9F15A85C7F00644C6D /* DCTImageSizing.xcodeproj */,
				24700C4215B840B500FA5843 /* DCTNetworkActivityIndicatorController.xcodeproj */,
				24700B9D15B83DA600FA5843 /* DCTTableViewDataSources.xcodeproj */,
				2435B57E15A5CF1F00F38962 /* DCTTextFieldValidator.xcodeproj */,
				2435B58A15A5CF2600F38962 /* DCTUIKit.xcodeproj */,
			);
			sourceTree = "<group>";
		};
		2435B53E15A5CD3800F38962 /* Products */ = {
			isa = PBXGroup;
			children = (
				2435B53D15A5CD3800F38962 /* libDCTKit.a */,
				24700BB015B83DCF00FA5843 /* DCTKit.bundle */,
			);
			name = Products;
			sourceTree = "<group>";
		};
		2435B53F15A5CD3800F38962 /* Frameworks */ = {
			isa = PBXGroup;
			children = (
				2435B54015A5CD3800F38962 /* Foundation.framework */,
				24700BB115B83DCF00FA5843 /* CoreFoundation.framework */,
			);
			name = Frameworks;
			sourceTree = "<group>";
		};
		2435B54F15A5CF0700F38962 /* Products */ = {
			isa = PBXGroup;
			children = (
				2435B55715A5CF0700F38962 /* libDCTConnectionController.a */,
				2435B55915A5CF0700F38962 /* DCTConnectionControllerTests.octest */,
				24700B8615B83D9000FA5843 /* iPhone Demo.app */,
				24700B8815B83D9000FA5843 /* DCTConnectionController.app */,
			);
			name = Products;
			sourceTree = "<group>";
		};
		2435B55B15A5CF0D00F38962 /* Products */ = {
			isa = PBXGroup;
			children = (
				2435B56315A5CF0D00F38962 /* libDCTCoreData.a */,
				2435B56515A5CF0D00F38962 /* DCTCoreDataTests.octest */,
			);
			name = Products;
			sourceTree = "<group>";
		};
		2435B56715A5CF1300F38962 /* Products */ = {
			isa = PBXGroup;
			children = (
				2435B56F15A5CF1300F38962 /* libDCTCoreDataStack.a */,
				2435B57115A5CF1300F38962 /* DCTCoreDataStackTests.octest */,
			);
			name = Products;
			sourceTree = "<group>";
		};
		2435B57315A5CF1800F38962 /* Products */ = {
			isa = PBXGroup;
			children = (
				2435B57B15A5CF1800F38962 /* libDCTFoundation.a */,
				2435B57D15A5CF1800F38962 /* DCTFoundationTests.octest */,
			);
			name = Products;
			sourceTree = "<group>";
		};
		2435B57F15A5CF1F00F38962 /* Products */ = {
			isa = PBXGroup;
			children = (
				2435B58715A5CF2000F38962 /* libDCTTextFieldValidator.a */,
				2435B58915A5CF2000F38962 /* DCTTextFieldValidatorTests.octest */,
				24700B9915B83D9000FA5843 /* Demo.app */,
			);
			name = Products;
			sourceTree = "<group>";
		};
		2435B58B15A5CF2600F38962 /* Products */ = {
			isa = PBXGroup;
			children = (
				2435B59315A5CF2600F38962 /* libDCTUIKit.a */,
				2435B59515A5CF2600F38962 /* DCTUIKitTests.octest */,
			);
			name = Products;
			sourceTree = "<group>";
		};
		2435B5A715A5D05600F38962 /* Products */ = {
			isa = PBXGroup;
			children = (
				2435B5B115A5D05600F38962 /* libDCTImageCache.a */,
				2435B5B315A5D05600F38962 /* DCTImageCacheTests.octest */,
				2435B5B515A5D05600F38962 /* DCTImageCaccheDemo.app */,
			);
			name = Products;
			sourceTree = "<group>";
		};
		24700B9E15B83DA600FA5843 /* Products */ = {
			isa = PBXGroup;
			children = (
				24700BA715B83DA600FA5843 /* libDCTTableViewDataSources.a */,
				24700BA915B83DA600FA5843 /* DCTTableViewDataSourcesTests.octest */,
				24700BAB15B83DA600FA5843 /* DCTTableViewDataSources.bundle */,
			);
			name = Products;
			sourceTree = "<group>";
		};
		24700BB315B83DCF00FA5843 /* DCTKitBundle */ = {
			isa = PBXGroup;
			children = (
				24700BB415B83DCF00FA5843 /* Supporting Files */,
			);
			path = DCTKitBundle;
			sourceTree = "<group>";
		};
		24700BB415B83DCF00FA5843 /* Supporting Files */ = {
			isa = PBXGroup;
			children = (
				24700BB515B83DCF00FA5843 /* DCTKitBundle-Info.plist */,
				24700BB615B83DCF00FA5843 /* InfoPlist.strings */,
				24700BB915B83DCF00FA5843 /* DCTKitBundle-Prefix.pch */,
			);
			name = "Supporting Files";
			sourceTree = "<group>";
		};
		24700C4315B840B500FA5843 /* Products */ = {
			isa = PBXGroup;
			children = (
				24700C4B15B840B500FA5843 /* libDCTNetworkActivityIndicatorController.a */,
				24700C4D15B840B500FA5843 /* DCTNetworkActivityIndicatorControllerTests.octest */,
			);
			name = Products;
			sourceTree = "<group>";
		};
/* End PBXGroup section */

/* Begin PBXNativeTarget section */
		2435B53C15A5CD3800F38962 /* DCTKit */ = {
			isa = PBXNativeTarget;
			buildConfigurationList = 2435B54B15A5CD3800F38962 /* Build configuration list for PBXNativeTarget "DCTKit" */;
			buildPhases = (
				2435B53A15A5CD3800F38962 /* Frameworks */,
				2435B53915A5CD3800F38962 /* Sources */,
			);
			buildRules = (
			);
			dependencies = (
				24700BC015B83E1C00FA5843 /* PBXTargetDependency */,
			);
			name = DCTKit;
			productName = DCTKit;
			productReference = 2435B53D15A5CD3800F38962 /* libDCTKit.a */;
			productType = "com.apple.product-type.library.static";
		};
		24700BAF15B83DCF00FA5843 /* DCTKitBundle */ = {
			isa = PBXNativeTarget;
			buildConfigurationList = 24700BBA15B83DCF00FA5843 /* Build configuration list for PBXNativeTarget "DCTKitBundle" */;
			buildPhases = (
				24700BAC15B83DCF00FA5843 /* Sources */,
				24700BAD15B83DCF00FA5843 /* Frameworks */,
				24700BAE15B83DCF00FA5843 /* Resources */,
			);
			buildRules = (
			);
			dependencies = (
				24700C5015B8415A00FA5843 /* PBXTargetDependency */,
			);
			name = DCTKitBundle;
			productName = DCTKitBundle;
			productReference = 24700BB015B83DCF00FA5843 /* DCTKit.bundle */;
			productType = "com.apple.product-type.bundle";
		};
/* End PBXNativeTarget section */

/* Begin PBXProject section */
		2435B53415A5CD3800F38962 /* Project object */ = {
			isa = PBXProject;
			attributes = {
				LastUpgradeCheck = 0450;
				ORGANIZATIONNAME = "Daniel Tull";
			};
			buildConfigurationList = 2435B53715A5CD3800F38962 /* Build configuration list for PBXProject "DCTKit" */;
			compatibilityVersion = "Xcode 3.2";
			developmentRegion = English;
			hasScannedForEncodings = 0;
			knownRegions = (
				en,
			);
			mainGroup = 2435B53215A5CD3800F38962;
			productRefGroup = 2435B53E15A5CD3800F38962 /* Products */;
			projectDirPath = "";
			projectReferences = (
				{
					ProductGroup = 2435B54F15A5CF0700F38962 /* Products */;
					ProjectRef = 2435B54E15A5CF0700F38962 /* DCTConnectionController.xcodeproj */;
				},
				{
					ProductGroup = 2435B55B15A5CF0D00F38962 /* Products */;
					ProjectRef = 2435B55A15A5CF0D00F38962 /* DCTCoreData.xcodeproj */;
				},
				{
					ProductGroup = 2435B56715A5CF1300F38962 /* Products */;
					ProjectRef = 2435B56615A5CF1300F38962 /* DCTCoreDataStack.xcodeproj */;
				},
				{
					ProductGroup = 2435B57315A5CF1800F38962 /* Products */;
					ProjectRef = 2435B57215A5CF1800F38962 /* DCTFoundation.xcodeproj */;
				},
				{
					ProductGroup = 2435B5A715A5D05600F38962 /* Products */;
					ProjectRef = 2435B5A615A5D05600F38962 /* DCTImageCache.xcodeproj */;
				},
				{
					ProductGroup = 24036FA015A85C7F00644C6D /* Products */;
					ProjectRef = 24036F9F15A85C7F00644C6D /* DCTImageSizing.xcodeproj */;
				},
				{
					ProductGroup = 24700C4315B840B500FA5843 /* Products */;
					ProjectRef = 24700C4215B840B500FA5843 /* DCTNetworkActivityIndicatorController.xcodeproj */;
				},
				{
					ProductGroup = 24700B9E15B83DA600FA5843 /* Products */;
					ProjectRef = 24700B9D15B83DA600FA5843 /* DCTTableViewDataSources.xcodeproj */;
				},
				{
					ProductGroup = 2435B57F15A5CF1F00F38962 /* Products */;
					ProjectRef = 2435B57E15A5CF1F00F38962 /* DCTTextFieldValidator.xcodeproj */;
				},
				{
					ProductGroup = 2435B58B15A5CF2600F38962 /* Products */;
					ProjectRef = 2435B58A15A5CF2600F38962 /* DCTUIKit.xcodeproj */;
				},
			);
			projectRoot = "";
			targets = (
				2435B53C15A5CD3800F38962 /* DCTKit */,
				24700BAF15B83DCF00FA5843 /* DCTKitBundle */,
			);
		};
/* End PBXProject section */

/* Begin PBXReferenceProxy section */
		24036FAA15A85C7F00644C6D /* libDCTImageSizing.a */ = {
			isa = PBXReferenceProxy;
			fileType = archive.ar;
			path = libDCTImageSizing.a;
			remoteRef = 24036FA915A85C7F00644C6D /* PBXContainerItemProxy */;
			sourceTree = BUILT_PRODUCTS_DIR;
		};
		24036FAC15A85C7F00644C6D /* DCTImageSizingTests.octest */ = {
			isa = PBXReferenceProxy;
			fileType = wrapper.cfbundle;
			path = DCTImageSizingTests.octest;
			remoteRef = 24036FAB15A85C7F00644C6D /* PBXContainerItemProxy */;
			sourceTree = BUILT_PRODUCTS_DIR;
		};
		24036FAE15A85C7F00644C6D /* DCTImageSizingDemo.app */ = {
			isa = PBXReferenceProxy;
			fileType = wrapper.application;
			path = DCTImageSizingDemo.app;
			remoteRef = 24036FAD15A85C7F00644C6D /* PBXContainerItemProxy */;
			sourceTree = BUILT_PRODUCTS_DIR;
		};
		2435B55715A5CF0700F38962 /* libDCTConnectionController.a */ = {
			isa = PBXReferenceProxy;
			fileType = archive.ar;
			path = libDCTConnectionController.a;
			remoteRef = 2435B55615A5CF0700F38962 /* PBXContainerItemProxy */;
			sourceTree = BUILT_PRODUCTS_DIR;
		};
		2435B55915A5CF0700F38962 /* DCTConnectionControllerTests.octest */ = {
			isa = PBXReferenceProxy;
			fileType = wrapper.cfbundle;
			path = DCTConnectionControllerTests.octest;
			remoteRef = 2435B55815A5CF0700F38962 /* PBXContainerItemProxy */;
			sourceTree = BUILT_PRODUCTS_DIR;
		};
		2435B56315A5CF0D00F38962 /* libDCTCoreData.a */ = {
			isa = PBXReferenceProxy;
			fileType = archive.ar;
			path = libDCTCoreData.a;
			remoteRef = 2435B56215A5CF0D00F38962 /* PBXContainerItemProxy */;
			sourceTree = BUILT_PRODUCTS_DIR;
		};
		2435B56515A5CF0D00F38962 /* DCTCoreDataTests.octest */ = {
			isa = PBXReferenceProxy;
			fileType = wrapper.cfbundle;
			path = DCTCoreDataTests.octest;
			remoteRef = 2435B56415A5CF0D00F38962 /* PBXContainerItemProxy */;
			sourceTree = BUILT_PRODUCTS_DIR;
		};
		2435B56F15A5CF1300F38962 /* libDCTCoreDataStack.a */ = {
			isa = PBXReferenceProxy;
			fileType = archive.ar;
			path = libDCTCoreDataStack.a;
			remoteRef = 2435B56E15A5CF1300F38962 /* PBXContainerItemProxy */;
			sourceTree = BUILT_PRODUCTS_DIR;
		};
		2435B57115A5CF1300F38962 /* DCTCoreDataStackTests.octest */ = {
			isa = PBXReferenceProxy;
			fileType = wrapper.cfbundle;
			path = DCTCoreDataStackTests.octest;
			remoteRef = 2435B57015A5CF1300F38962 /* PBXContainerItemProxy */;
			sourceTree = BUILT_PRODUCTS_DIR;
		};
		2435B57B15A5CF1800F38962 /* libDCTFoundation.a */ = {
			isa = PBXReferenceProxy;
			fileType = archive.ar;
			path = libDCTFoundation.a;
			remoteRef = 2435B57A15A5CF1800F38962 /* PBXContainerItemProxy */;
			sourceTree = BUILT_PRODUCTS_DIR;
		};
		2435B57D15A5CF1800F38962 /* DCTFoundationTests.octest */ = {
			isa = PBXReferenceProxy;
			fileType = wrapper.cfbundle;
			path = DCTFoundationTests.octest;
			remoteRef = 2435B57C15A5CF1800F38962 /* PBXContainerItemProxy */;
			sourceTree = BUILT_PRODUCTS_DIR;
		};
		2435B58715A5CF2000F38962 /* libDCTTextFieldValidator.a */ = {
			isa = PBXReferenceProxy;
			fileType = archive.ar;
			path = libDCTTextFieldValidator.a;
			remoteRef = 2435B58615A5CF2000F38962 /* PBXContainerItemProxy */;
			sourceTree = BUILT_PRODUCTS_DIR;
		};
		2435B58915A5CF2000F38962 /* DCTTextFieldValidatorTests.octest */ = {
			isa = PBXReferenceProxy;
			fileType = wrapper.cfbundle;
			path = DCTTextFieldValidatorTests.octest;
			remoteRef = 2435B58815A5CF2000F38962 /* PBXContainerItemProxy */;
			sourceTree = BUILT_PRODUCTS_DIR;
		};
		2435B59315A5CF2600F38962 /* libDCTUIKit.a */ = {
			isa = PBXReferenceProxy;
			fileType = archive.ar;
			path = libDCTUIKit.a;
			remoteRef = 2435B59215A5CF2600F38962 /* PBXContainerItemProxy */;
			sourceTree = BUILT_PRODUCTS_DIR;
		};
		2435B59515A5CF2600F38962 /* DCTUIKitTests.octest */ = {
			isa = PBXReferenceProxy;
			fileType = wrapper.cfbundle;
			path = DCTUIKitTests.octest;
			remoteRef = 2435B59415A5CF2600F38962 /* PBXContainerItemProxy */;
			sourceTree = BUILT_PRODUCTS_DIR;
		};
		2435B5B115A5D05600F38962 /* libDCTImageCache.a */ = {
			isa = PBXReferenceProxy;
			fileType = archive.ar;
			path = libDCTImageCache.a;
			remoteRef = 2435B5B015A5D05600F38962 /* PBXContainerItemProxy */;
			sourceTree = BUILT_PRODUCTS_DIR;
		};
		2435B5B315A5D05600F38962 /* DCTImageCacheTests.octest */ = {
			isa = PBXReferenceProxy;
			fileType = wrapper.cfbundle;
			path = DCTImageCacheTests.octest;
			remoteRef = 2435B5B215A5D05600F38962 /* PBXContainerItemProxy */;
			sourceTree = BUILT_PRODUCTS_DIR;
		};
		2435B5B515A5D05600F38962 /* DCTImageCaccheDemo.app */ = {
			isa = PBXReferenceProxy;
			fileType = wrapper.application;
			path = DCTImageCaccheDemo.app;
			remoteRef = 2435B5B415A5D05600F38962 /* PBXContainerItemProxy */;
			sourceTree = BUILT_PRODUCTS_DIR;
		};
		24700B8615B83D9000FA5843 /* iPhone Demo.app */ = {
			isa = PBXReferenceProxy;
			fileType = wrapper.application;
			path = "iPhone Demo.app";
			remoteRef = 24700B8515B83D9000FA5843 /* PBXContainerItemProxy */;
			sourceTree = BUILT_PRODUCTS_DIR;
		};
		24700B8815B83D9000FA5843 /* DCTConnectionController.app */ = {
			isa = PBXReferenceProxy;
			fileType = wrapper.application;
			path = DCTConnectionController.app;
			remoteRef = 24700B8715B83D9000FA5843 /* PBXContainerItemProxy */;
			sourceTree = BUILT_PRODUCTS_DIR;
		};
		24700B9915B83D9000FA5843 /* Demo.app */ = {
			isa = PBXReferenceProxy;
			fileType = wrapper.application;
			path = Demo.app;
			remoteRef = 24700B9815B83D9000FA5843 /* PBXContainerItemProxy */;
			sourceTree = BUILT_PRODUCTS_DIR;
		};
		24700BA715B83DA600FA5843 /* libDCTTableViewDataSources.a */ = {
			isa = PBXReferenceProxy;
			fileType = archive.ar;
			path = libDCTTableViewDataSources.a;
			remoteRef = 24700BA615B83DA600FA5843 /* PBXContainerItemProxy */;
			sourceTree = BUILT_PRODUCTS_DIR;
		};
		24700BA915B83DA600FA5843 /* DCTTableViewDataSourcesTests.octest */ = {
			isa = PBXReferenceProxy;
			fileType = wrapper.cfbundle;
			path = DCTTableViewDataSourcesTests.octest;
			remoteRef = 24700BA815B83DA600FA5843 /* PBXContainerItemProxy */;
			sourceTree = BUILT_PRODUCTS_DIR;
		};
		24700BAB15B83DA600FA5843 /* DCTTableViewDataSources.bundle */ = {
			isa = PBXReferenceProxy;
			fileType = wrapper.cfbundle;
			path = DCTTableViewDataSources.bundle;
			remoteRef = 24700BAA15B83DA600FA5843 /* PBXContainerItemProxy */;
			sourceTree = BUILT_PRODUCTS_DIR;
		};
		24700C4B15B840B500FA5843 /* libDCTNetworkActivityIndicatorController.a */ = {
			isa = PBXReferenceProxy;
			fileType = archive.ar;
			path = libDCTNetworkActivityIndicatorController.a;
			remoteRef = 24700C4A15B840B500FA5843 /* PBXContainerItemProxy */;
			sourceTree = BUILT_PRODUCTS_DIR;
		};
		24700C4D15B840B500FA5843 /* DCTNetworkActivityIndicatorControllerTests.octest */ = {
			isa = PBXReferenceProxy;
			fileType = wrapper.cfbundle;
			path = DCTNetworkActivityIndicatorControllerTests.octest;
			remoteRef = 24700C4C15B840B500FA5843 /* PBXContainerItemProxy */;
			sourceTree = BUILT_PRODUCTS_DIR;
		};
/* End PBXReferenceProxy section */

/* Begin PBXResourcesBuildPhase section */
		24700BAE15B83DCF00FA5843 /* Resources */ = {
			isa = PBXResourcesBuildPhase;
			buildActionMask = 2147483647;
			files = (
				24700BB815B83DCF00FA5843 /* InfoPlist.strings in Resources */,
				24700BBE15B83E0900FA5843 /* DCTTableViewDataSources.bundle in Resources */,
			);
			runOnlyForDeploymentPostprocessing = 0;
		};
/* End PBXResourcesBuildPhase section */

/* Begin PBXSourcesBuildPhase section */
		2435B53915A5CD3800F38962 /* Sources */ = {
			isa = PBXSourcesBuildPhase;
			buildActionMask = 2147483647;
			files = (
			);
			runOnlyForDeploymentPostprocessing = 0;
		};
		24700BAC15B83DCF00FA5843 /* Sources */ = {
			isa = PBXSourcesBuildPhase;
			buildActionMask = 2147483647;
			files = (
			);
			runOnlyForDeploymentPostprocessing = 0;
		};
/* End PBXSourcesBuildPhase section */

/* Begin PBXTargetDependency section */
		24700BC015B83E1C00FA5843 /* PBXTargetDependency */ = {
			isa = PBXTargetDependency;
			target = 24700BAF15B83DCF00FA5843 /* DCTKitBundle */;
			targetProxy = 24700BBF15B83E1C00FA5843 /* PBXContainerItemProxy */;
		};
		24700C5015B8415A00FA5843 /* PBXTargetDependency */ = {
			isa = PBXTargetDependency;
			name = DCTTableViewDataSourcesBundle;
			targetProxy = 24700C4F15B8415A00FA5843 /* PBXContainerItemProxy */;
		};
/* End PBXTargetDependency section */

/* Begin PBXVariantGroup section */
		24700BB615B83DCF00FA5843 /* InfoPlist.strings */ = {
			isa = PBXVariantGroup;
			children = (
				24700BB715B83DCF00FA5843 /* en */,
			);
			name = InfoPlist.strings;
			sourceTree = "<group>";
		};
/* End PBXVariantGroup section */

/* Begin XCBuildConfiguration section */
		2435B54915A5CD3800F38962 /* Debug */ = {
			isa = XCBuildConfiguration;
			buildSettings = {
				ALWAYS_SEARCH_USER_PATHS = NO;
				CLANG_CXX_LANGUAGE_STANDARD = "gnu++0x";
				CLANG_ENABLE_OBJC_ARC = YES;
				CLANG_WARN__DUPLICATE_METHOD_MATCH = YES;
				COPY_PHASE_STRIP = NO;
				GCC_C_LANGUAGE_STANDARD = gnu99;
				GCC_DYNAMIC_NO_PIC = NO;
				GCC_OPTIMIZATION_LEVEL = 0;
				GCC_PREPROCESSOR_DEFINITIONS = (
					"DEBUG=1",
					"$(inherited)",
				);
				GCC_SYMBOLS_PRIVATE_EXTERN = NO;
				GCC_WARN_ABOUT_RETURN_TYPE = YES;
				GCC_WARN_UNINITIALIZED_AUTOS = YES;
				GCC_WARN_UNUSED_VARIABLE = YES;
				IPHONEOS_DEPLOYMENT_TARGET = 6.0;
				SDKROOT = iphoneos;
			};
			name = Debug;
		};
		2435B54A15A5CD3800F38962 /* Release */ = {
			isa = XCBuildConfiguration;
			buildSettings = {
				ALWAYS_SEARCH_USER_PATHS = NO;
				CLANG_CXX_LANGUAGE_STANDARD = "gnu++0x";
				CLANG_ENABLE_OBJC_ARC = YES;
				CLANG_WARN__DUPLICATE_METHOD_MATCH = YES;
				COPY_PHASE_STRIP = YES;
				GCC_C_LANGUAGE_STANDARD = gnu99;
				GCC_WARN_ABOUT_RETURN_TYPE = YES;
				GCC_WARN_UNINITIALIZED_AUTOS = YES;
				GCC_WARN_UNUSED_VARIABLE = YES;
				IPHONEOS_DEPLOYMENT_TARGET = 6.0;
				SDKROOT = iphoneos;
				VALIDATE_PRODUCT = YES;
			};
			name = Release;
		};
		2435B54C15A5CD3800F38962 /* Debug */ = {
			isa = XCBuildConfiguration;
			buildSettings = {
				DSTROOT = /tmp/DCTKit.dst;
				GCC_PRECOMPILE_PREFIX_HEADER = YES;
				GCC_PREFIX_HEADER = "DCTKit/DCTKit-Prefix.pch";
				OTHER_LDFLAGS = "-ObjC";
				PRODUCT_NAME = "$(TARGET_NAME)";
				SKIP_INSTALL = YES;
			};
			name = Debug;
		};
		2435B54D15A5CD3800F38962 /* Release */ = {
			isa = XCBuildConfiguration;
			buildSettings = {
				DSTROOT = /tmp/DCTKit.dst;
				GCC_PRECOMPILE_PREFIX_HEADER = YES;
				GCC_PREFIX_HEADER = "DCTKit/DCTKit-Prefix.pch";
				OTHER_LDFLAGS = "-ObjC";
				PRODUCT_NAME = "$(TARGET_NAME)";
				SKIP_INSTALL = YES;
			};
			name = Release;
		};
		24700BBB15B83DCF00FA5843 /* Debug */ = {
			isa = XCBuildConfiguration;
			buildSettings = {
				ARCHS = "$(ARCHS_STANDARD_32_BIT)";
				CLANG_CXX_LIBRARY = "libc++";
				COMBINE_HIDPI_IMAGES = YES;
				GCC_ENABLE_OBJC_EXCEPTIONS = YES;
				GCC_PRECOMPILE_PREFIX_HEADER = YES;
				GCC_PREFIX_HEADER = "DCTKitBundle/DCTKitBundle-Prefix.pch";
				GCC_WARN_64_TO_32_BIT_CONVERSION = YES;
				INFOPLIST_FILE = "DCTKitBundle/DCTKitBundle-Info.plist";
				INSTALL_PATH = "$(LOCAL_LIBRARY_DIR)/Bundles";
				MACOSX_DEPLOYMENT_TARGET = 10.8;
				ONLY_ACTIVE_ARCH = YES;
				PRODUCT_NAME = DCTKit;
				SDKROOT = iphoneos;
				WRAPPER_EXTENSION = bundle;
			};
			name = Debug;
		};
		24700BBC15B83DCF00FA5843 /* Release */ = {
			isa = XCBuildConfiguration;
			buildSettings = {
				ARCHS = "$(ARCHS_STANDARD_32_BIT)";
				CLANG_CXX_LIBRARY = "libc++";
				COMBINE_HIDPI_IMAGES = YES;
				DEBUG_INFORMATION_FORMAT = "dwarf-with-dsym";
				GCC_ENABLE_OBJC_EXCEPTIONS = YES;
				GCC_PRECOMPILE_PREFIX_HEADER = YES;
				GCC_PREFIX_HEADER = "DCTKitBundle/DCTKitBundle-Prefix.pch";
				GCC_WARN_64_TO_32_BIT_CONVERSION = YES;
				INFOPLIST_FILE = "DCTKitBundle/DCTKitBundle-Info.plist";
				INSTALL_PATH = "$(LOCAL_LIBRARY_DIR)/Bundles";
				MACOSX_DEPLOYMENT_TARGET = 10.8;
				PRODUCT_NAME = DCTKit;
				SDKROOT = iphoneos;
				WRAPPER_EXTENSION = bundle;
			};
			name = Release;
		};
/* End XCBuildConfiguration section */

/* Begin XCConfigurationList section */
		2435B53715A5CD3800F38962 /* Build configuration list for PBXProject "DCTKit" */ = {
			isa = XCConfigurationList;
			buildConfigurations = (
				2435B54915A5CD3800F38962 /* Debug */,
				2435B54A15A5CD3800F38962 /* Release */,
			);
			defaultConfigurationIsVisible = 0;
			defaultConfigurationName = Release;
		};
		2435B54B15A5CD3800F38962 /* Build configuration list for PBXNativeTarget "DCTKit" */ = {
			isa = XCConfigurationList;
			buildConfigurations = (
				2435B54C15A5CD3800F38962 /* Debug */,
				2435B54D15A5CD3800F38962 /* Release */,
			);
			defaultConfigurationIsVisible = 0;
			defaultConfigurationName = Release;
		};
		24700BBA15B83DCF00FA5843 /* Build configuration list for PBXNativeTarget "DCTKitBundle" */ = {
			isa = XCConfigurationList;
			buildConfigurations = (
				24700BBB15B83DCF00FA5843 /* Debug */,
				24700BBC15B83DCF00FA5843 /* Release */,
			);
			defaultConfigurationIsVisible = 0;
			defaultConfigurationName = Release;
		};
/* End XCConfigurationList section */
	};
	rootObject = 2435B53415A5CD3800F38962 /* Project object */;
}
