// !$*UTF8*$!
{
	archiveVersion = 1;
	classes = {
	};
	objectVersion = 46;
	objects = {

/* Begin PBXBuildFile section */
		240567DE1348CA98004FF828 /* libDCTConnectionController.a in Frameworks */ = {isa = PBXBuildFile; fileRef = 240567DD1348CA98004FF828 /* libDCTConnectionController.a */; };
		240568A31348D16F004FF828 /* libDCTFoundation.a in Frameworks */ = {isa = PBXBuildFile; fileRef = 240568A21348D16F004FF828 /* libDCTFoundation.a */; };
		2409A588130F1BB000ED0C88 /* DTGridView.m in Sources */ = {isa = PBXBuildFile; fileRef = 2409A560130F1BAF00ED0C88 /* DTGridView.m */; };
		2409A589130F1BB000ED0C88 /* DTGridViewCell.m in Sources */ = {isa = PBXBuildFile; fileRef = 2409A562130F1BAF00ED0C88 /* DTGridViewCell.m */; };
		2409A58A130F1BB000ED0C88 /* DTGridViewController.m in Sources */ = {isa = PBXBuildFile; fileRef = 2409A565130F1BAF00ED0C88 /* DTGridViewController.m */; };
		2409A58B130F1BB000ED0C88 /* DTInfiniteGridView.m in Sources */ = {isa = PBXBuildFile; fileRef = 2409A568130F1BAF00ED0C88 /* DTInfiniteGridView.m */; };
		2409A58C130F1BB000ED0C88 /* DTLabelsSnapGridViewCell.m in Sources */ = {isa = PBXBuildFile; fileRef = 2409A56B130F1BAF00ED0C88 /* DTLabelsSnapGridViewCell.m */; };
		2409A58D130F1BB000ED0C88 /* DTSnapGridView.m in Sources */ = {isa = PBXBuildFile; fileRef = 2409A56D130F1BAF00ED0C88 /* DTSnapGridView.m */; };
		2409A58E130F1BB000ED0C88 /* DTSnapGridViewCell.m in Sources */ = {isa = PBXBuildFile; fileRef = 2409A56F130F1BAF00ED0C88 /* DTSnapGridViewCell.m */; };
		24A0F193131D91990056DDC0 /* DCTManagedObjectContextViewController.m in Sources */ = {isa = PBXBuildFile; fileRef = 24A0F174131D91990056DDC0 /* DCTManagedObjectContextViewController.m */; };
		24A0F194131D91990056DDC0 /* DCTManagedObjectRelationshipsViewController.m in Sources */ = {isa = PBXBuildFile; fileRef = 24A0F176131D91990056DDC0 /* DCTManagedObjectRelationshipsViewController.m */; };
		24A0F195131D91990056DDC0 /* DCTManagedObjectViewController.m in Sources */ = {isa = PBXBuildFile; fileRef = 24A0F178131D91990056DDC0 /* DCTManagedObjectViewController.m */; };
		24A0F196131D91990056DDC0 /* NSManagedObject+DCTNiceDescription.m in Sources */ = {isa = PBXBuildFile; fileRef = 24A0F17A131D91990056DDC0 /* NSManagedObject+DCTNiceDescription.m */; };
		24AD38381348E3E00077BACA /* libDCTCoreData.a in Frameworks */ = {isa = PBXBuildFile; fileRef = 24AD38371348E3E00077BACA /* libDCTCoreData.a */; };
		24B116831325352E00CA8A10 /* DCTGravatarConnectionController.m in Sources */ = {isa = PBXBuildFile; fileRef = 24B116691325352E00CA8A10 /* DCTGravatarConnectionController.m */; };
		24DA88F2132277080096098C /* DCTInstapaperAddConnectionController.m in Sources */ = {isa = PBXBuildFile; fileRef = 24DA88D4132277080096098C /* DCTInstapaperAddConnectionController.m */; };
		24DA88F3132277080096098C /* DCTInstapaperConnectionController.m in Sources */ = {isa = PBXBuildFile; fileRef = 24DA88D6132277080096098C /* DCTInstapaperConnectionController.m */; };
		24DA88F4132277080096098C /* DCTInstapaperLoginConnectionController.m in Sources */ = {isa = PBXBuildFile; fileRef = 24DA88D8132277080096098C /* DCTInstapaperLoginConnectionController.m */; };
		24EA153E130EC22300F20BC7 /* UIKit.framework in Frameworks */ = {isa = PBXBuildFile; fileRef = 24EA153D130EC22300F20BC7 /* UIKit.framework */; };
		24EA1540130EC22300F20BC7 /* Foundation.framework in Frameworks */ = {isa = PBXBuildFile; fileRef = 24EA153F130EC22300F20BC7 /* Foundation.framework */; };
		24EA1542130EC22300F20BC7 /* CoreGraphics.framework in Frameworks */ = {isa = PBXBuildFile; fileRef = 24EA1541130EC22300F20BC7 /* CoreGraphics.framework */; };
		24EA1544130EC22300F20BC7 /* CoreData.framework in Frameworks */ = {isa = PBXBuildFile; fileRef = 24EA1543130EC22300F20BC7 /* CoreData.framework */; };
		24EA154A130EC22300F20BC7 /* InfoPlist.strings in Resources */ = {isa = PBXBuildFile; fileRef = 24EA1548130EC22300F20BC7 /* InfoPlist.strings */; };
		24EA154D130EC22300F20BC7 /* main.m in Sources */ = {isa = PBXBuildFile; fileRef = 24EA154C130EC22300F20BC7 /* main.m */; };
		24EA1550130EC22300F20BC7 /* DCTKitAppDelegate.m in Sources */ = {isa = PBXBuildFile; fileRef = 24EA154F130EC22300F20BC7 /* DCTKitAppDelegate.m */; };
		24EA1553130EC22300F20BC7 /* MainWindow.xib in Resources */ = {isa = PBXBuildFile; fileRef = 24EA1551130EC22300F20BC7 /* MainWindow.xib */; };
		24EA1556130EC22300F20BC7 /* DCTKit.xcdatamodeld in Sources */ = {isa = PBXBuildFile; fileRef = 24EA1554130EC22300F20BC7 /* DCTKit.xcdatamodeld */; };
		24EA17A2130EC31A00F20BC7 /* DCTiAdViewController.m in Sources */ = {isa = PBXBuildFile; fileRef = 24EA1659130EC31A00F20BC7 /* DCTiAdViewController.m */; };
		24EA17BB130EC31A00F20BC7 /* UIAlertView+DCTErrorHandling.m in Sources */ = {isa = PBXBuildFile; fileRef = 24EA1685130EC31A00F20BC7 /* UIAlertView+DCTErrorHandling.m */; };
		24EA17BC130EC31A00F20BC7 /* UIColor+DCTComponents.m in Sources */ = {isa = PBXBuildFile; fileRef = 24EA1687130EC31A00F20BC7 /* UIColor+DCTComponents.m */; };
		24EA17BD130EC31A00F20BC7 /* UIColor+DCTHex.m in Sources */ = {isa = PBXBuildFile; fileRef = 24EA1689130EC31A00F20BC7 /* UIColor+DCTHex.m */; };
		24EA17BE130EC31A00F20BC7 /* UIDevice+DCTFeatureCheck.m in Sources */ = {isa = PBXBuildFile; fileRef = 24EA168B130EC31A00F20BC7 /* UIDevice+DCTFeatureCheck.m */; };
		24EA17BF130EC31A00F20BC7 /* UIDevice+DCTSystemVersion.m in Sources */ = {isa = PBXBuildFile; fileRef = 24EA168D130EC31A00F20BC7 /* UIDevice+DCTSystemVersion.m */; };
		24EA17C0130EC31A00F20BC7 /* UIResponder+DCTNextResponderExtensions.m in Sources */ = {isa = PBXBuildFile; fileRef = 24EA168F130EC31A00F20BC7 /* UIResponder+DCTNextResponderExtensions.m */; };
		24EA17C1130EC31A00F20BC7 /* UITableViewCell+DCTExtensions.m in Sources */ = {isa = PBXBuildFile; fileRef = 24EA1691130EC31A00F20BC7 /* UITableViewCell+DCTExtensions.m */; };
		24EA17C2130EC31A00F20BC7 /* UIView+DCTLogging.m in Sources */ = {isa = PBXBuildFile; fileRef = 24EA1693130EC31A00F20BC7 /* UIView+DCTLogging.m */; };
		24EA17C3130EC31A00F20BC7 /* UIView+DCTSubviewExtensions.m in Sources */ = {isa = PBXBuildFile; fileRef = 24EA1695130EC31A00F20BC7 /* UIView+DCTSubviewExtensions.m */; };
		24EA17C4130EC31A00F20BC7 /* UIViewController+DCTExtras.m in Sources */ = {isa = PBXBuildFile; fileRef = 24EA1697130EC31A00F20BC7 /* UIViewController+DCTExtras.m */; };
		24EA17C5130EC31A00F20BC7 /* DCTCoreDataTableViewController.m in Sources */ = {isa = PBXBuildFile; fileRef = 24EA169A130EC31A00F20BC7 /* DCTCoreDataTableViewController.m */; };
		24EA17C6130EC31A00F20BC7 /* DCTCoreDataViewController.m in Sources */ = {isa = PBXBuildFile; fileRef = 24EA169C130EC31A00F20BC7 /* DCTCoreDataViewController.m */; };
		24EA17C7130EC31A00F20BC7 /* DCTFetchedResultsTableViewController.m in Sources */ = {isa = PBXBuildFile; fileRef = 24EA169E130EC31A00F20BC7 /* DCTFetchedResultsTableViewController.m */; };
		24EA17C8130EC31A00F20BC7 /* UIViewController+DCTCoreDataViewController.m in Sources */ = {isa = PBXBuildFile; fileRef = 24EA16A0130EC31A00F20BC7 /* UIViewController+DCTCoreDataViewController.m */; };
		24EA17C9130EC31A00F20BC7 /* DCTTabBar.m in Sources */ = {isa = PBXBuildFile; fileRef = 24EA16A3130EC31A00F20BC7 /* DCTTabBar.m */; };
		24EA17CA130EC31A00F20BC7 /* DCTTabBarController.m in Sources */ = {isa = PBXBuildFile; fileRef = 24EA16A5130EC31A00F20BC7 /* DCTTabBarController.m */; };
		24EA17CB130EC31A00F20BC7 /* DCTUITabBar.m in Sources */ = {isa = PBXBuildFile; fileRef = 24EA16A7130EC31A00F20BC7 /* DCTUITabBar.m */; };
		24EA17CC130EC31A00F20BC7 /* DCTTableViewSectionController.m in Sources */ = {isa = PBXBuildFile; fileRef = 24EA16AA130EC31A00F20BC7 /* DCTTableViewSectionController.m */; };
		24EA17CD130EC31A00F20BC7 /* DCTContainerViewController.m in Sources */ = {isa = PBXBuildFile; fileRef = 24EA16AD130EC31A00F20BC7 /* DCTContainerViewController.m */; };
		24EA17CE130EC31A00F20BC7 /* DCTContentViewController.m in Sources */ = {isa = PBXBuildFile; fileRef = 24EA16AF130EC31A00F20BC7 /* DCTContentViewController.m */; };
		24EA17CF130EC31A00F20BC7 /* DCTTableViewController.m in Sources */ = {isa = PBXBuildFile; fileRef = 24EA16B1130EC31A00F20BC7 /* DCTTableViewController.m */; };
		24EA17D0130EC31A00F20BC7 /* DCTViewController.m in Sources */ = {isa = PBXBuildFile; fileRef = 24EA16B3130EC31A00F20BC7 /* DCTViewController.m */; };
		24EA17E9130EC31A00F20BC7 /* DTNibHook.m in Sources */ = {isa = PBXBuildFile; fileRef = 24EA16DD130EC31A00F20BC7 /* DTNibHook.m */; };
		24EA1804130EC31A00F20BC7 /* DTResurrectionController.m in Sources */ = {isa = PBXBuildFile; fileRef = 24EA170B130EC31A00F20BC7 /* DTResurrectionController.m */; };
		24EA1805130EC31A00F20BC7 /* DTResurrector.m in Sources */ = {isa = PBXBuildFile; fileRef = 24EA170E130EC31A00F20BC7 /* DTResurrector.m */; };
		24EA1806130EC31A00F20BC7 /* NSArray+DTResurrection.m in Sources */ = {isa = PBXBuildFile; fileRef = 24EA1710130EC31A00F20BC7 /* NSArray+DTResurrection.m */; };
		24EA1807130EC31A00F20BC7 /* NSDictionary+DTResurrection.m in Sources */ = {isa = PBXBuildFile; fileRef = 24EA1712130EC31A00F20BC7 /* NSDictionary+DTResurrection.m */; };
		24EA1808130EC31A00F20BC7 /* UINavigationController+DTResurrection.m in Sources */ = {isa = PBXBuildFile; fileRef = 24EA1714130EC31A00F20BC7 /* UINavigationController+DTResurrection.m */; };
		24EA1809130EC31A00F20BC7 /* UITabBarController+DTResurrection.m in Sources */ = {isa = PBXBuildFile; fileRef = 24EA1716130EC31A00F20BC7 /* UITabBarController+DTResurrection.m */; };
		24EA180A130EC31A00F20BC7 /* UIViewController+DTResurrection.m in Sources */ = {isa = PBXBuildFile; fileRef = 24EA1718130EC31A00F20BC7 /* UIViewController+DTResurrection.m */; };
		24EA180C130EC37900F20BC7 /* iAd.framework in Frameworks */ = {isa = PBXBuildFile; fileRef = 24EA180B130EC37900F20BC7 /* iAd.framework */; };
		24EA180E130EC39400F20BC7 /* QuartzCore.framework in Frameworks */ = {isa = PBXBuildFile; fileRef = 24EA180D130EC39400F20BC7 /* QuartzCore.framework */; };
/* End PBXBuildFile section */

/* Begin PBXContainerItemProxy section */
		240568881348D13A004FF828 /* PBXContainerItemProxy */ = {
			isa = PBXContainerItemProxy;
			containerPortal = 240568801348D13A004FF828 /* DCTFoundation.xcodeproj */;
			proxyType = 2;
			remoteGlobalIDString = 24C46E791348AE1500758AE8;
			remoteInfo = DCTFoundation;
		};
		2405688A1348D13A004FF828 /* PBXContainerItemProxy */ = {
			isa = PBXContainerItemProxy;
			containerPortal = 240568801348D13A004FF828 /* DCTFoundation.xcodeproj */;
			proxyType = 2;
			remoteGlobalIDString = 24C46E861348AE1500758AE8;
			remoteInfo = DCTFoundationTests;
		};
		240568991348D141004FF828 /* PBXContainerItemProxy */ = {
			isa = PBXContainerItemProxy;
			containerPortal = 2405688D1348D141004FF828 /* DCTConnectionController.xcodeproj */;
			proxyType = 2;
			remoteGlobalIDString = 2426CF1E1348C34700412223;
			remoteInfo = DCTConnectionController;
		};
		2405689B1348D141004FF828 /* PBXContainerItemProxy */ = {
			isa = PBXContainerItemProxy;
			containerPortal = 2405688D1348D141004FF828 /* DCTConnectionController.xcodeproj */;
			proxyType = 2;
			remoteGlobalIDString = 2426CF2B1348C34700412223;
			remoteInfo = DCTConnectionControllerTests;
		};
		24AD38311348E3CB0077BACA /* PBXContainerItemProxy */ = {
			isa = PBXContainerItemProxy;
			containerPortal = 24AD38271348E3CB0077BACA /* DCTCoreData.xcodeproj */;
			proxyType = 2;
			remoteGlobalIDString = 24F9A4EE1348DD8700D4FC9D;
			remoteInfo = DCTCoreData;
		};
		24AD38331348E3CB0077BACA /* PBXContainerItemProxy */ = {
			isa = PBXContainerItemProxy;
			containerPortal = 24AD38271348E3CB0077BACA /* DCTCoreData.xcodeproj */;
			proxyType = 2;
			remoteGlobalIDString = 24F9A4FB1348DD8700D4FC9D;
			remoteInfo = DCTCoreDataTests;
		};
		24AD38351348E3CB0077BACA /* PBXContainerItemProxy */ = {
			isa = PBXContainerItemProxy;
			containerPortal = 24AD38271348E3CB0077BACA /* DCTCoreData.xcodeproj */;
			proxyType = 2;
			remoteGlobalIDString = 24AD37A51348E1DB0077BACA;
			remoteInfo = DCTCoreDataApp;
		};
/* End PBXContainerItemProxy section */

/* Begin PBXFileReference section */
		240567DD1348CA98004FF828 /* libDCTConnectionController.a */ = {isa = PBXFileReference; explicitFileType = archive.ar; path = libDCTConnectionController.a; sourceTree = SOURCE_ROOT; };
		240568801348D13A004FF828 /* DCTFoundation.xcodeproj */ = {isa = PBXFileReference; lastKnownFileType = "wrapper.pb-project"; name = DCTFoundation.xcodeproj; path = DCTFoundation/DCTFoundation.xcodeproj; sourceTree = "<group>"; };
		2405688D1348D141004FF828 /* DCTConnectionController.xcodeproj */ = {isa = PBXFileReference; lastKnownFileType = "wrapper.pb-project"; name = DCTConnectionController.xcodeproj; path = DCTConnectionController/DCTConnectionController.xcodeproj; sourceTree = "<group>"; };
		240568A21348D16F004FF828 /* libDCTFoundation.a */ = {isa = PBXFileReference; explicitFileType = archive.ar; path = libDCTFoundation.a; sourceTree = SOURCE_ROOT; };
		2409A55F130F1BAF00ED0C88 /* DTGridView.h */ = {isa = PBXFileReference; fileEncoding = 4; lastKnownFileType = sourcecode.c.h; path = DTGridView.h; sourceTree = "<group>"; };
		2409A560130F1BAF00ED0C88 /* DTGridView.m */ = {isa = PBXFileReference; fileEncoding = 4; lastKnownFileType = sourcecode.c.objc; path = DTGridView.m; sourceTree = "<group>"; };
		2409A561130F1BAF00ED0C88 /* DTGridViewCell.h */ = {isa = PBXFileReference; fileEncoding = 4; lastKnownFileType = sourcecode.c.h; path = DTGridViewCell.h; sourceTree = "<group>"; };
		2409A562130F1BAF00ED0C88 /* DTGridViewCell.m */ = {isa = PBXFileReference; fileEncoding = 4; lastKnownFileType = sourcecode.c.objc; path = DTGridViewCell.m; sourceTree = "<group>"; };
		2409A563130F1BAF00ED0C88 /* DTGridViewCellInfoProtocol.h */ = {isa = PBXFileReference; fileEncoding = 4; lastKnownFileType = sourcecode.c.h; path = DTGridViewCellInfoProtocol.h; sourceTree = "<group>"; };
		2409A564130F1BAF00ED0C88 /* DTGridViewController.h */ = {isa = PBXFileReference; fileEncoding = 4; lastKnownFileType = sourcecode.c.h; path = DTGridViewController.h; sourceTree = "<group>"; };
		2409A565130F1BAF00ED0C88 /* DTGridViewController.m */ = {isa = PBXFileReference; fileEncoding = 4; lastKnownFileType = sourcecode.c.objc; path = DTGridViewController.m; sourceTree = "<group>"; };
		2409A567130F1BAF00ED0C88 /* DTInfiniteGridView.h */ = {isa = PBXFileReference; fileEncoding = 4; lastKnownFileType = sourcecode.c.h; path = DTInfiniteGridView.h; sourceTree = "<group>"; };
		2409A568130F1BAF00ED0C88 /* DTInfiniteGridView.m */ = {isa = PBXFileReference; fileEncoding = 4; lastKnownFileType = sourcecode.c.objc; path = DTInfiniteGridView.m; sourceTree = "<group>"; };
		2409A56A130F1BAF00ED0C88 /* DTLabelsSnapGridViewCell.h */ = {isa = PBXFileReference; fileEncoding = 4; lastKnownFileType = sourcecode.c.h; path = DTLabelsSnapGridViewCell.h; sourceTree = "<group>"; };
		2409A56B130F1BAF00ED0C88 /* DTLabelsSnapGridViewCell.m */ = {isa = PBXFileReference; fileEncoding = 4; lastKnownFileType = sourcecode.c.objc; path = DTLabelsSnapGridViewCell.m; sourceTree = "<group>"; };
		2409A56C130F1BAF00ED0C88 /* DTSnapGridView.h */ = {isa = PBXFileReference; fileEncoding = 4; lastKnownFileType = sourcecode.c.h; path = DTSnapGridView.h; sourceTree = "<group>"; };
		2409A56D130F1BAF00ED0C88 /* DTSnapGridView.m */ = {isa = PBXFileReference; fileEncoding = 4; lastKnownFileType = sourcecode.c.objc; path = DTSnapGridView.m; sourceTree = "<group>"; };
		2409A56E130F1BAF00ED0C88 /* DTSnapGridViewCell.h */ = {isa = PBXFileReference; fileEncoding = 4; lastKnownFileType = sourcecode.c.h; path = DTSnapGridViewCell.h; sourceTree = "<group>"; };
		2409A56F130F1BAF00ED0C88 /* DTSnapGridViewCell.m */ = {isa = PBXFileReference; fileEncoding = 4; lastKnownFileType = sourcecode.c.objc; path = DTSnapGridViewCell.m; sourceTree = "<group>"; };
		24A0F173131D91990056DDC0 /* DCTManagedObjectContextViewController.h */ = {isa = PBXFileReference; fileEncoding = 4; lastKnownFileType = sourcecode.c.h; path = DCTManagedObjectContextViewController.h; sourceTree = "<group>"; };
		24A0F174131D91990056DDC0 /* DCTManagedObjectContextViewController.m */ = {isa = PBXFileReference; fileEncoding = 4; lastKnownFileType = sourcecode.c.objc; path = DCTManagedObjectContextViewController.m; sourceTree = "<group>"; };
		24A0F175131D91990056DDC0 /* DCTManagedObjectRelationshipsViewController.h */ = {isa = PBXFileReference; fileEncoding = 4; lastKnownFileType = sourcecode.c.h; path = DCTManagedObjectRelationshipsViewController.h; sourceTree = "<group>"; };
		24A0F176131D91990056DDC0 /* DCTManagedObjectRelationshipsViewController.m */ = {isa = PBXFileReference; fileEncoding = 4; lastKnownFileType = sourcecode.c.objc; path = DCTManagedObjectRelationshipsViewController.m; sourceTree = "<group>"; };
		24A0F177131D91990056DDC0 /* DCTManagedObjectViewController.h */ = {isa = PBXFileReference; fileEncoding = 4; lastKnownFileType = sourcecode.c.h; path = DCTManagedObjectViewController.h; sourceTree = "<group>"; };
		24A0F178131D91990056DDC0 /* DCTManagedObjectViewController.m */ = {isa = PBXFileReference; fileEncoding = 4; lastKnownFileType = sourcecode.c.objc; path = DCTManagedObjectViewController.m; sourceTree = "<group>"; };
		24A0F179131D91990056DDC0 /* NSManagedObject+DCTNiceDescription.h */ = {isa = PBXFileReference; fileEncoding = 4; lastKnownFileType = sourcecode.c.h; path = "NSManagedObject+DCTNiceDescription.h"; sourceTree = "<group>"; };
		24A0F17A131D91990056DDC0 /* NSManagedObject+DCTNiceDescription.m */ = {isa = PBXFileReference; fileEncoding = 4; lastKnownFileType = sourcecode.c.objc; path = "NSManagedObject+DCTNiceDescription.m"; sourceTree = "<group>"; };
		24AD38271348E3CB0077BACA /* DCTCoreData.xcodeproj */ = {isa = PBXFileReference; lastKnownFileType = "wrapper.pb-project"; name = DCTCoreData.xcodeproj; path = DCTCoreData/DCTCoreData.xcodeproj; sourceTree = "<group>"; };
		24AD38371348E3E00077BACA /* libDCTCoreData.a */ = {isa = PBXFileReference; explicitFileType = archive.ar; path = libDCTCoreData.a; sourceTree = SOURCE_ROOT; };
		24B116401325352E00CA8A10 /* config */ = {isa = PBXFileReference; fileEncoding = 4; lastKnownFileType = text; path = config; sourceTree = "<group>"; };
		24B116411325352E00CA8A10 /* description */ = {isa = PBXFileReference; fileEncoding = 4; lastKnownFileType = text; path = description; sourceTree = "<group>"; };
		24B116421325352E00CA8A10 /* HEAD */ = {isa = PBXFileReference; fileEncoding = 4; lastKnownFileType = text; path = HEAD; sourceTree = "<group>"; };
		24B116441325352E00CA8A10 /* applypatch-msg.sample */ = {isa = PBXFileReference; fileEncoding = 4; lastKnownFileType = text.script.sh; path = "applypatch-msg.sample"; sourceTree = "<group>"; };
		24B116451325352E00CA8A10 /* commit-msg.sample */ = {isa = PBXFileReference; fileEncoding = 4; lastKnownFileType = text.script.sh; path = "commit-msg.sample"; sourceTree = "<group>"; };
		24B116461325352E00CA8A10 /* post-commit.sample */ = {isa = PBXFileReference; fileEncoding = 4; lastKnownFileType = text.script.sh; path = "post-commit.sample"; sourceTree = "<group>"; };
		24B116471325352E00CA8A10 /* post-receive.sample */ = {isa = PBXFileReference; fileEncoding = 4; lastKnownFileType = text.script.sh; path = "post-receive.sample"; sourceTree = "<group>"; };
		24B116481325352E00CA8A10 /* post-update.sample */ = {isa = PBXFileReference; fileEncoding = 4; lastKnownFileType = text.script.sh; path = "post-update.sample"; sourceTree = "<group>"; };
		24B116491325352E00CA8A10 /* pre-applypatch.sample */ = {isa = PBXFileReference; fileEncoding = 4; lastKnownFileType = text.script.sh; path = "pre-applypatch.sample"; sourceTree = "<group>"; };
		24B1164A1325352E00CA8A10 /* pre-commit.sample */ = {isa = PBXFileReference; fileEncoding = 4; lastKnownFileType = text.script.sh; path = "pre-commit.sample"; sourceTree = "<group>"; };
		24B1164B1325352E00CA8A10 /* pre-rebase.sample */ = {isa = PBXFileReference; fileEncoding = 4; lastKnownFileType = text.script.sh; path = "pre-rebase.sample"; sourceTree = "<group>"; };
		24B1164C1325352E00CA8A10 /* prepare-commit-msg.sample */ = {isa = PBXFileReference; fileEncoding = 4; lastKnownFileType = text.script.sh; path = "prepare-commit-msg.sample"; sourceTree = "<group>"; };
		24B1164D1325352E00CA8A10 /* update.sample */ = {isa = PBXFileReference; fileEncoding = 4; lastKnownFileType = text.script.sh; path = update.sample; sourceTree = "<group>"; };
		24B1164E1325352E00CA8A10 /* index */ = {isa = PBXFileReference; lastKnownFileType = file; path = index; sourceTree = "<group>"; };
		24B116501325352E00CA8A10 /* exclude */ = {isa = PBXFileReference; fileEncoding = 4; lastKnownFileType = text; path = exclude; sourceTree = "<group>"; };
		24B116521325352E00CA8A10 /* HEAD */ = {isa = PBXFileReference; fileEncoding = 4; lastKnownFileType = text; path = HEAD; sourceTree = "<group>"; };
		24B116551325352E00CA8A10 /* master */ = {isa = PBXFileReference; fileEncoding = 4; lastKnownFileType = text; path = master; sourceTree = "<group>"; };
		24B116561325352E00CA8A10 /* production */ = {isa = PBXFileReference; fileEncoding = 4; lastKnownFileType = text; path = production; sourceTree = "<group>"; };
		24B1165A1325352E00CA8A10 /* pack-54265a6b1ce4f1452757f9b9b84521c3e42efdcc.idx */ = {isa = PBXFileReference; lastKnownFileType = file; path = "pack-54265a6b1ce4f1452757f9b9b84521c3e42efdcc.idx"; sourceTree = "<group>"; };
		24B1165B1325352E00CA8A10 /* pack-54265a6b1ce4f1452757f9b9b84521c3e42efdcc.pack */ = {isa = PBXFileReference; lastKnownFileType = file; path = "pack-54265a6b1ce4f1452757f9b9b84521c3e42efdcc.pack"; sourceTree = "<group>"; };
		24B1165C1325352E00CA8A10 /* packed-refs */ = {isa = PBXFileReference; fileEncoding = 4; lastKnownFileType = text; path = "packed-refs"; sourceTree = "<group>"; };
		24B1165F1325352E00CA8A10 /* master */ = {isa = PBXFileReference; fileEncoding = 4; lastKnownFileType = text; path = master; sourceTree = "<group>"; };
		24B116601325352E00CA8A10 /* production */ = {isa = PBXFileReference; fileEncoding = 4; lastKnownFileType = text; path = production; sourceTree = "<group>"; };
		24B116631325352E00CA8A10 /* HEAD */ = {isa = PBXFileReference; fileEncoding = 4; lastKnownFileType = text; path = HEAD; sourceTree = "<group>"; };
		24B116651325352E00CA8A10 /* .gitmodules */ = {isa = PBXFileReference; fileEncoding = 4; lastKnownFileType = text; path = .gitmodules; sourceTree = "<group>"; };
		24B116681325352E00CA8A10 /* DCTGravatarConnectionController.h */ = {isa = PBXFileReference; fileEncoding = 4; lastKnownFileType = sourcecode.c.h; path = DCTGravatarConnectionController.h; sourceTree = "<group>"; };
		24B116691325352E00CA8A10 /* DCTGravatarConnectionController.m */ = {isa = PBXFileReference; fileEncoding = 4; lastKnownFileType = sourcecode.c.objc; path = DCTGravatarConnectionController.m; sourceTree = "<group>"; };
		24DA88D3132277080096098C /* DCTInstapaperAddConnectionController.h */ = {isa = PBXFileReference; fileEncoding = 4; lastKnownFileType = sourcecode.c.h; path = DCTInstapaperAddConnectionController.h; sourceTree = "<group>"; };
		24DA88D4132277080096098C /* DCTInstapaperAddConnectionController.m */ = {isa = PBXFileReference; fileEncoding = 4; lastKnownFileType = sourcecode.c.objc; path = DCTInstapaperAddConnectionController.m; sourceTree = "<group>"; };
		24DA88D5132277080096098C /* DCTInstapaperConnectionController.h */ = {isa = PBXFileReference; fileEncoding = 4; lastKnownFileType = sourcecode.c.h; path = DCTInstapaperConnectionController.h; sourceTree = "<group>"; };
		24DA88D6132277080096098C /* DCTInstapaperConnectionController.m */ = {isa = PBXFileReference; fileEncoding = 4; lastKnownFileType = sourcecode.c.objc; path = DCTInstapaperConnectionController.m; sourceTree = "<group>"; };
		24DA88D7132277080096098C /* DCTInstapaperLoginConnectionController.h */ = {isa = PBXFileReference; fileEncoding = 4; lastKnownFileType = sourcecode.c.h; path = DCTInstapaperLoginConnectionController.h; sourceTree = "<group>"; };
		24DA88D8132277080096098C /* DCTInstapaperLoginConnectionController.m */ = {isa = PBXFileReference; fileEncoding = 4; lastKnownFileType = sourcecode.c.objc; path = DCTInstapaperLoginConnectionController.m; sourceTree = "<group>"; };
		24EA1539130EC22300F20BC7 /* DCTKit.app */ = {isa = PBXFileReference; explicitFileType = wrapper.application; includeInIndex = 0; path = DCTKit.app; sourceTree = BUILT_PRODUCTS_DIR; };
		24EA153D130EC22300F20BC7 /* UIKit.framework */ = {isa = PBXFileReference; lastKnownFileType = wrapper.framework; name = UIKit.framework; path = System/Library/Frameworks/UIKit.framework; sourceTree = SDKROOT; };
		24EA153F130EC22300F20BC7 /* Foundation.framework */ = {isa = PBXFileReference; lastKnownFileType = wrapper.framework; name = Foundation.framework; path = System/Library/Frameworks/Foundation.framework; sourceTree = SDKROOT; };
		24EA1541130EC22300F20BC7 /* CoreGraphics.framework */ = {isa = PBXFileReference; lastKnownFileType = wrapper.framework; name = CoreGraphics.framework; path = System/Library/Frameworks/CoreGraphics.framework; sourceTree = SDKROOT; };
		24EA1543130EC22300F20BC7 /* CoreData.framework */ = {isa = PBXFileReference; lastKnownFileType = wrapper.framework; name = CoreData.framework; path = System/Library/Frameworks/CoreData.framework; sourceTree = SDKROOT; };
		24EA1547130EC22300F20BC7 /* DCTKit-Info.plist */ = {isa = PBXFileReference; lastKnownFileType = text.plist.xml; path = "DCTKit-Info.plist"; sourceTree = "<group>"; };
		24EA1549130EC22300F20BC7 /* en */ = {isa = PBXFileReference; lastKnownFileType = text.plist.strings; name = en; path = en.lproj/InfoPlist.strings; sourceTree = "<group>"; };
		24EA154B130EC22300F20BC7 /* DCTKit-Prefix.pch */ = {isa = PBXFileReference; lastKnownFileType = sourcecode.c.h; path = "DCTKit-Prefix.pch"; sourceTree = "<group>"; };
		24EA154C130EC22300F20BC7 /* main.m */ = {isa = PBXFileReference; lastKnownFileType = sourcecode.c.objc; path = main.m; sourceTree = "<group>"; };
		24EA154E130EC22300F20BC7 /* DCTKitAppDelegate.h */ = {isa = PBXFileReference; lastKnownFileType = sourcecode.c.h; path = DCTKitAppDelegate.h; sourceTree = "<group>"; };
		24EA154F130EC22300F20BC7 /* DCTKitAppDelegate.m */ = {isa = PBXFileReference; lastKnownFileType = sourcecode.c.objc; path = DCTKitAppDelegate.m; sourceTree = "<group>"; };
		24EA1552130EC22300F20BC7 /* en */ = {isa = PBXFileReference; lastKnownFileType = file.xib; name = en; path = en.lproj/MainWindow.xib; sourceTree = "<group>"; };
		24EA1555130EC22300F20BC7 /* DCTKit.xcdatamodel */ = {isa = PBXFileReference; lastKnownFileType = wrapper.xcdatamodel; path = DCTKit.xcdatamodel; sourceTree = "<group>"; };
		24EA1658130EC31A00F20BC7 /* DCTiAdViewController.h */ = {isa = PBXFileReference; fileEncoding = 4; lastKnownFileType = sourcecode.c.h; path = DCTiAdViewController.h; sourceTree = "<group>"; };
		24EA1659130EC31A00F20BC7 /* DCTiAdViewController.m */ = {isa = PBXFileReference; fileEncoding = 4; lastKnownFileType = sourcecode.c.objc; path = DCTiAdViewController.m; sourceTree = "<group>"; };
		24EA1684130EC31A00F20BC7 /* UIAlertView+DCTErrorHandling.h */ = {isa = PBXFileReference; fileEncoding = 4; lastKnownFileType = sourcecode.c.h; path = "UIAlertView+DCTErrorHandling.h"; sourceTree = "<group>"; };
		24EA1685130EC31A00F20BC7 /* UIAlertView+DCTErrorHandling.m */ = {isa = PBXFileReference; fileEncoding = 4; lastKnownFileType = sourcecode.c.objc; path = "UIAlertView+DCTErrorHandling.m"; sourceTree = "<group>"; };
		24EA1686130EC31A00F20BC7 /* UIColor+DCTComponents.h */ = {isa = PBXFileReference; fileEncoding = 4; lastKnownFileType = sourcecode.c.h; path = "UIColor+DCTComponents.h"; sourceTree = "<group>"; };
		24EA1687130EC31A00F20BC7 /* UIColor+DCTComponents.m */ = {isa = PBXFileReference; fileEncoding = 4; lastKnownFileType = sourcecode.c.objc; path = "UIColor+DCTComponents.m"; sourceTree = "<group>"; };
		24EA1688130EC31A00F20BC7 /* UIColor+DCTHex.h */ = {isa = PBXFileReference; fileEncoding = 4; lastKnownFileType = sourcecode.c.h; path = "UIColor+DCTHex.h"; sourceTree = "<group>"; };
		24EA1689130EC31A00F20BC7 /* UIColor+DCTHex.m */ = {isa = PBXFileReference; fileEncoding = 4; lastKnownFileType = sourcecode.c.objc; path = "UIColor+DCTHex.m"; sourceTree = "<group>"; };
		24EA168A130EC31A00F20BC7 /* UIDevice+DCTFeatureCheck.h */ = {isa = PBXFileReference; fileEncoding = 4; lastKnownFileType = sourcecode.c.h; path = "UIDevice+DCTFeatureCheck.h"; sourceTree = "<group>"; };
		24EA168B130EC31A00F20BC7 /* UIDevice+DCTFeatureCheck.m */ = {isa = PBXFileReference; fileEncoding = 4; lastKnownFileType = sourcecode.c.objc; path = "UIDevice+DCTFeatureCheck.m"; sourceTree = "<group>"; };
		24EA168C130EC31A00F20BC7 /* UIDevice+DCTSystemVersion.h */ = {isa = PBXFileReference; fileEncoding = 4; lastKnownFileType = sourcecode.c.h; path = "UIDevice+DCTSystemVersion.h"; sourceTree = "<group>"; };
		24EA168D130EC31A00F20BC7 /* UIDevice+DCTSystemVersion.m */ = {isa = PBXFileReference; fileEncoding = 4; lastKnownFileType = sourcecode.c.objc; path = "UIDevice+DCTSystemVersion.m"; sourceTree = "<group>"; };
		24EA168E130EC31A00F20BC7 /* UIResponder+DCTNextResponderExtensions.h */ = {isa = PBXFileReference; fileEncoding = 4; lastKnownFileType = sourcecode.c.h; path = "UIResponder+DCTNextResponderExtensions.h"; sourceTree = "<group>"; };
		24EA168F130EC31A00F20BC7 /* UIResponder+DCTNextResponderExtensions.m */ = {isa = PBXFileReference; fileEncoding = 4; lastKnownFileType = sourcecode.c.objc; path = "UIResponder+DCTNextResponderExtensions.m"; sourceTree = "<group>"; };
		24EA1690130EC31A00F20BC7 /* UITableViewCell+DCTExtensions.h */ = {isa = PBXFileReference; fileEncoding = 4; lastKnownFileType = sourcecode.c.h; path = "UITableViewCell+DCTExtensions.h"; sourceTree = "<group>"; };
		24EA1691130EC31A00F20BC7 /* UITableViewCell+DCTExtensions.m */ = {isa = PBXFileReference; fileEncoding = 4; lastKnownFileType = sourcecode.c.objc; path = "UITableViewCell+DCTExtensions.m"; sourceTree = "<group>"; };
		24EA1692130EC31A00F20BC7 /* UIView+DCTLogging.h */ = {isa = PBXFileReference; fileEncoding = 4; lastKnownFileType = sourcecode.c.h; path = "UIView+DCTLogging.h"; sourceTree = "<group>"; };
		24EA1693130EC31A00F20BC7 /* UIView+DCTLogging.m */ = {isa = PBXFileReference; fileEncoding = 4; lastKnownFileType = sourcecode.c.objc; path = "UIView+DCTLogging.m"; sourceTree = "<group>"; };
		24EA1694130EC31A00F20BC7 /* UIView+DCTSubviewExtensions.h */ = {isa = PBXFileReference; fileEncoding = 4; lastKnownFileType = sourcecode.c.h; path = "UIView+DCTSubviewExtensions.h"; sourceTree = "<group>"; };
		24EA1695130EC31A00F20BC7 /* UIView+DCTSubviewExtensions.m */ = {isa = PBXFileReference; fileEncoding = 4; lastKnownFileType = sourcecode.c.objc; path = "UIView+DCTSubviewExtensions.m"; sourceTree = "<group>"; };
		24EA1696130EC31A00F20BC7 /* UIViewController+DCTExtras.h */ = {isa = PBXFileReference; fileEncoding = 4; lastKnownFileType = sourcecode.c.h; path = "UIViewController+DCTExtras.h"; sourceTree = "<group>"; };
		24EA1697130EC31A00F20BC7 /* UIViewController+DCTExtras.m */ = {isa = PBXFileReference; fileEncoding = 4; lastKnownFileType = sourcecode.c.objc; path = "UIViewController+DCTExtras.m"; sourceTree = "<group>"; };
		24EA1699130EC31A00F20BC7 /* DCTCoreDataTableViewController.h */ = {isa = PBXFileReference; fileEncoding = 4; lastKnownFileType = sourcecode.c.h; path = DCTCoreDataTableViewController.h; sourceTree = "<group>"; };
		24EA169A130EC31A00F20BC7 /* DCTCoreDataTableViewController.m */ = {isa = PBXFileReference; fileEncoding = 4; lastKnownFileType = sourcecode.c.objc; path = DCTCoreDataTableViewController.m; sourceTree = "<group>"; };
		24EA169B130EC31A00F20BC7 /* DCTCoreDataViewController.h */ = {isa = PBXFileReference; fileEncoding = 4; lastKnownFileType = sourcecode.c.h; path = DCTCoreDataViewController.h; sourceTree = "<group>"; };
		24EA169C130EC31A00F20BC7 /* DCTCoreDataViewController.m */ = {isa = PBXFileReference; fileEncoding = 4; lastKnownFileType = sourcecode.c.objc; path = DCTCoreDataViewController.m; sourceTree = "<group>"; };
		24EA169D130EC31A00F20BC7 /* DCTFetchedResultsTableViewController.h */ = {isa = PBXFileReference; fileEncoding = 4; lastKnownFileType = sourcecode.c.h; path = DCTFetchedResultsTableViewController.h; sourceTree = "<group>"; };
		24EA169E130EC31A00F20BC7 /* DCTFetchedResultsTableViewController.m */ = {isa = PBXFileReference; fileEncoding = 4; lastKnownFileType = sourcecode.c.objc; path = DCTFetchedResultsTableViewController.m; sourceTree = "<group>"; };
		24EA169F130EC31A00F20BC7 /* UIViewController+DCTCoreDataViewController.h */ = {isa = PBXFileReference; fileEncoding = 4; lastKnownFileType = sourcecode.c.h; path = "UIViewController+DCTCoreDataViewController.h"; sourceTree = "<group>"; };
		24EA16A0130EC31A00F20BC7 /* UIViewController+DCTCoreDataViewController.m */ = {isa = PBXFileReference; fileEncoding = 4; lastKnownFileType = sourcecode.c.objc; path = "UIViewController+DCTCoreDataViewController.m"; sourceTree = "<group>"; };
		24EA16A2130EC31A00F20BC7 /* DCTTabBar.h */ = {isa = PBXFileReference; fileEncoding = 4; lastKnownFileType = sourcecode.c.h; path = DCTTabBar.h; sourceTree = "<group>"; };
		24EA16A3130EC31A00F20BC7 /* DCTTabBar.m */ = {isa = PBXFileReference; fileEncoding = 4; lastKnownFileType = sourcecode.c.objc; path = DCTTabBar.m; sourceTree = "<group>"; };
		24EA16A4130EC31A00F20BC7 /* DCTTabBarController.h */ = {isa = PBXFileReference; fileEncoding = 4; lastKnownFileType = sourcecode.c.h; path = DCTTabBarController.h; sourceTree = "<group>"; };
		24EA16A5130EC31A00F20BC7 /* DCTTabBarController.m */ = {isa = PBXFileReference; fileEncoding = 4; lastKnownFileType = sourcecode.c.objc; path = DCTTabBarController.m; sourceTree = "<group>"; };
		24EA16A6130EC31A00F20BC7 /* DCTUITabBar.h */ = {isa = PBXFileReference; fileEncoding = 4; lastKnownFileType = sourcecode.c.h; path = DCTUITabBar.h; sourceTree = "<group>"; };
		24EA16A7130EC31A00F20BC7 /* DCTUITabBar.m */ = {isa = PBXFileReference; fileEncoding = 4; lastKnownFileType = sourcecode.c.objc; path = DCTUITabBar.m; sourceTree = "<group>"; };
		24EA16A9130EC31A00F20BC7 /* DCTTableViewSectionController.h */ = {isa = PBXFileReference; fileEncoding = 4; lastKnownFileType = sourcecode.c.h; path = DCTTableViewSectionController.h; sourceTree = "<group>"; };
		24EA16AA130EC31A00F20BC7 /* DCTTableViewSectionController.m */ = {isa = PBXFileReference; fileEncoding = 4; lastKnownFileType = sourcecode.c.objc; path = DCTTableViewSectionController.m; sourceTree = "<group>"; };
		24EA16AC130EC31A00F20BC7 /* DCTContainerViewController.h */ = {isa = PBXFileReference; fileEncoding = 4; lastKnownFileType = sourcecode.c.h; path = DCTContainerViewController.h; sourceTree = "<group>"; };
		24EA16AD130EC31A00F20BC7 /* DCTContainerViewController.m */ = {isa = PBXFileReference; fileEncoding = 4; lastKnownFileType = sourcecode.c.objc; path = DCTContainerViewController.m; sourceTree = "<group>"; };
		24EA16AE130EC31A00F20BC7 /* DCTContentViewController.h */ = {isa = PBXFileReference; fileEncoding = 4; lastKnownFileType = sourcecode.c.h; path = DCTContentViewController.h; sourceTree = "<group>"; };
		24EA16AF130EC31A00F20BC7 /* DCTContentViewController.m */ = {isa = PBXFileReference; fileEncoding = 4; lastKnownFileType = sourcecode.c.objc; path = DCTContentViewController.m; sourceTree = "<group>"; };
		24EA16B0130EC31A00F20BC7 /* DCTTableViewController.h */ = {isa = PBXFileReference; fileEncoding = 4; lastKnownFileType = sourcecode.c.h; path = DCTTableViewController.h; sourceTree = "<group>"; };
		24EA16B1130EC31A00F20BC7 /* DCTTableViewController.m */ = {isa = PBXFileReference; fileEncoding = 4; lastKnownFileType = sourcecode.c.objc; path = DCTTableViewController.m; sourceTree = "<group>"; };
		24EA16B2130EC31A00F20BC7 /* DCTViewController.h */ = {isa = PBXFileReference; fileEncoding = 4; lastKnownFileType = sourcecode.c.h; path = DCTViewController.h; sourceTree = "<group>"; };
		24EA16B3130EC31A00F20BC7 /* DCTViewController.m */ = {isa = PBXFileReference; fileEncoding = 4; lastKnownFileType = sourcecode.c.objc; path = DCTViewController.m; sourceTree = "<group>"; };
		24EA16DC130EC31A00F20BC7 /* DTNibHook.h */ = {isa = PBXFileReference; fileEncoding = 4; lastKnownFileType = sourcecode.c.h; path = DTNibHook.h; sourceTree = "<group>"; };
		24EA16DD130EC31A00F20BC7 /* DTNibHook.m */ = {isa = PBXFileReference; fileEncoding = 4; lastKnownFileType = sourcecode.c.objc; path = DTNibHook.m; sourceTree = "<group>"; };
		24EA170A130EC31A00F20BC7 /* DTResurrectionController.h */ = {isa = PBXFileReference; fileEncoding = 4; lastKnownFileType = sourcecode.c.h; path = DTResurrectionController.h; sourceTree = "<group>"; };
		24EA170B130EC31A00F20BC7 /* DTResurrectionController.m */ = {isa = PBXFileReference; fileEncoding = 4; lastKnownFileType = sourcecode.c.objc; path = DTResurrectionController.m; sourceTree = "<group>"; };
		24EA170C130EC31A00F20BC7 /* DTResurrectionKit.h */ = {isa = PBXFileReference; fileEncoding = 4; lastKnownFileType = sourcecode.c.h; path = DTResurrectionKit.h; sourceTree = "<group>"; };
		24EA170D130EC31A00F20BC7 /* DTResurrector.h */ = {isa = PBXFileReference; fileEncoding = 4; lastKnownFileType = sourcecode.c.h; path = DTResurrector.h; sourceTree = "<group>"; };
		24EA170E130EC31A00F20BC7 /* DTResurrector.m */ = {isa = PBXFileReference; fileEncoding = 4; lastKnownFileType = sourcecode.c.objc; path = DTResurrector.m; sourceTree = "<group>"; };
		24EA170F130EC31A00F20BC7 /* NSArray+DTResurrection.h */ = {isa = PBXFileReference; fileEncoding = 4; lastKnownFileType = sourcecode.c.h; path = "NSArray+DTResurrection.h"; sourceTree = "<group>"; };
		24EA1710130EC31A00F20BC7 /* NSArray+DTResurrection.m */ = {isa = PBXFileReference; fileEncoding = 4; lastKnownFileType = sourcecode.c.objc; path = "NSArray+DTResurrection.m"; sourceTree = "<group>"; };
		24EA1711130EC31A00F20BC7 /* NSDictionary+DTResurrection.h */ = {isa = PBXFileReference; fileEncoding = 4; lastKnownFileType = sourcecode.c.h; path = "NSDictionary+DTResurrection.h"; sourceTree = "<group>"; };
		24EA1712130EC31A00F20BC7 /* NSDictionary+DTResurrection.m */ = {isa = PBXFileReference; fileEncoding = 4; lastKnownFileType = sourcecode.c.objc; path = "NSDictionary+DTResurrection.m"; sourceTree = "<group>"; };
		24EA1713130EC31A00F20BC7 /* UINavigationController+DTResurrection.h */ = {isa = PBXFileReference; fileEncoding = 4; lastKnownFileType = sourcecode.c.h; path = "UINavigationController+DTResurrection.h"; sourceTree = "<group>"; };
		24EA1714130EC31A00F20BC7 /* UINavigationController+DTResurrection.m */ = {isa = PBXFileReference; fileEncoding = 4; lastKnownFileType = sourcecode.c.objc; path = "UINavigationController+DTResurrection.m"; sourceTree = "<group>"; };
		24EA1715130EC31A00F20BC7 /* UITabBarController+DTResurrection.h */ = {isa = PBXFileReference; fileEncoding = 4; lastKnownFileType = sourcecode.c.h; path = "UITabBarController+DTResurrection.h"; sourceTree = "<group>"; };
		24EA1716130EC31A00F20BC7 /* UITabBarController+DTResurrection.m */ = {isa = PBXFileReference; fileEncoding = 4; lastKnownFileType = sourcecode.c.objc; path = "UITabBarController+DTResurrection.m"; sourceTree = "<group>"; };
		24EA1717130EC31A00F20BC7 /* UIViewController+DTResurrection.h */ = {isa = PBXFileReference; fileEncoding = 4; lastKnownFileType = sourcecode.c.h; path = "UIViewController+DTResurrection.h"; sourceTree = "<group>"; };
		24EA1718130EC31A00F20BC7 /* UIViewController+DTResurrection.m */ = {isa = PBXFileReference; fileEncoding = 4; lastKnownFileType = sourcecode.c.objc; path = "UIViewController+DTResurrection.m"; sourceTree = "<group>"; };
		24EA180B130EC37900F20BC7 /* iAd.framework */ = {isa = PBXFileReference; lastKnownFileType = wrapper.framework; name = iAd.framework; path = System/Library/Frameworks/iAd.framework; sourceTree = SDKROOT; };
		24EA180D130EC39400F20BC7 /* QuartzCore.framework */ = {isa = PBXFileReference; lastKnownFileType = wrapper.framework; name = QuartzCore.framework; path = System/Library/Frameworks/QuartzCore.framework; sourceTree = SDKROOT; };
/* End PBXFileReference section */

/* Begin PBXFrameworksBuildPhase section */
		24EA1536130EC22300F20BC7 /* Frameworks */ = {
			isa = PBXFrameworksBuildPhase;
			buildActionMask = 2147483647;
			files = (
				240568A31348D16F004FF828 /* libDCTFoundation.a in Frameworks */,
				240567DE1348CA98004FF828 /* libDCTConnectionController.a in Frameworks */,
				24AD38381348E3E00077BACA /* libDCTCoreData.a in Frameworks */,
				24EA180E130EC39400F20BC7 /* QuartzCore.framework in Frameworks */,
				24EA180C130EC37900F20BC7 /* iAd.framework in Frameworks */,
				24EA153E130EC22300F20BC7 /* UIKit.framework in Frameworks */,
				24EA1540130EC22300F20BC7 /* Foundation.framework in Frameworks */,
				24EA1542130EC22300F20BC7 /* CoreGraphics.framework in Frameworks */,
				24EA1544130EC22300F20BC7 /* CoreData.framework in Frameworks */,
			);
			runOnlyForDeploymentPostprocessing = 0;
		};
/* End PBXFrameworksBuildPhase section */

/* Begin PBXGroup section */
		240567741348C794004FF828 /* Libraries */ = {
			isa = PBXGroup;
			children = (
				24AD38371348E3E00077BACA /* libDCTCoreData.a */,
				240568A21348D16F004FF828 /* libDCTFoundation.a */,
				240567DD1348CA98004FF828 /* libDCTConnectionController.a */,
			);
			name = Libraries;
			sourceTree = "<group>";
		};
		240568811348D13A004FF828 /* Products */ = {
			isa = PBXGroup;
			children = (
				240568891348D13A004FF828 /* libDCTFoundation.a */,
				2405688B1348D13A004FF828 /* DCTFoundationTests.octest */,
			);
			name = Products;
			sourceTree = "<group>";
		};
		2405688E1348D141004FF828 /* Products */ = {
			isa = PBXGroup;
			children = (
				2405689A1348D141004FF828 /* libDCTConnectionController.a */,
				2405689C1348D141004FF828 /* DCTConnectionControllerTests.octest */,
			);
			name = Products;
			sourceTree = "<group>";
		};
		2409A537130F1BAF00ED0C88 /* DTGridView */ = {
			isa = PBXGroup;
			children = (
				2409A55F130F1BAF00ED0C88 /* DTGridView.h */,
				2409A560130F1BAF00ED0C88 /* DTGridView.m */,
				2409A561130F1BAF00ED0C88 /* DTGridViewCell.h */,
				2409A562130F1BAF00ED0C88 /* DTGridViewCell.m */,
				2409A563130F1BAF00ED0C88 /* DTGridViewCellInfoProtocol.h */,
				2409A564130F1BAF00ED0C88 /* DTGridViewController.h */,
				2409A565130F1BAF00ED0C88 /* DTGridViewController.m */,
				2409A566130F1BAF00ED0C88 /* DTInfiniteGridView */,
				2409A569130F1BAF00ED0C88 /* DTSnapGridView */,
			);
			path = DTGridView;
			sourceTree = "<group>";
		};
		2409A566130F1BAF00ED0C88 /* DTInfiniteGridView */ = {
			isa = PBXGroup;
			children = (
				2409A567130F1BAF00ED0C88 /* DTInfiniteGridView.h */,
				2409A568130F1BAF00ED0C88 /* DTInfiniteGridView.m */,
			);
			path = DTInfiniteGridView;
			sourceTree = "<group>";
		};
		2409A569130F1BAF00ED0C88 /* DTSnapGridView */ = {
			isa = PBXGroup;
			children = (
				2409A56A130F1BAF00ED0C88 /* DTLabelsSnapGridViewCell.h */,
				2409A56B130F1BAF00ED0C88 /* DTLabelsSnapGridViewCell.m */,
				2409A56C130F1BAF00ED0C88 /* DTSnapGridView.h */,
				2409A56D130F1BAF00ED0C88 /* DTSnapGridView.m */,
				2409A56E130F1BAF00ED0C88 /* DTSnapGridViewCell.h */,
				2409A56F130F1BAF00ED0C88 /* DTSnapGridViewCell.m */,
			);
			path = DTSnapGridView;
			sourceTree = "<group>";
		};
		24A0F14B131D91990056DDC0 /* DataCenter */ = {
			isa = PBXGroup;
			children = (
				24A0F173131D91990056DDC0 /* DCTManagedObjectContextViewController.h */,
				24A0F174131D91990056DDC0 /* DCTManagedObjectContextViewController.m */,
				24A0F175131D91990056DDC0 /* DCTManagedObjectRelationshipsViewController.h */,
				24A0F176131D91990056DDC0 /* DCTManagedObjectRelationshipsViewController.m */,
				24A0F177131D91990056DDC0 /* DCTManagedObjectViewController.h */,
				24A0F178131D91990056DDC0 /* DCTManagedObjectViewController.m */,
				24A0F179131D91990056DDC0 /* NSManagedObject+DCTNiceDescription.h */,
				24A0F17A131D91990056DDC0 /* NSManagedObject+DCTNiceDescription.m */,
			);
			path = DataCenter;
			sourceTree = "<group>";
		};
		24AD38281348E3CB0077BACA /* Products */ = {
			isa = PBXGroup;
			children = (
				24AD38321348E3CB0077BACA /* libDCTCoreData.a */,
				24AD38341348E3CB0077BACA /* DCTCoreDataTests.octest */,
				24AD38361348E3CB0077BACA /* DCTCoreDataApp.app */,
			);
			name = Products;
			sourceTree = "<group>";
		};
		24B1163D1325352E00CA8A10 /* DCTGravatar */ = {
			isa = PBXGroup;
			children = (
				24B1163E1325352E00CA8A10 /* .git */,
				24B116651325352E00CA8A10 /* .gitmodules */,
				24B116661325352E00CA8A10 /* DCTConnectionController */,
				24B116671325352E00CA8A10 /* DCTFoundation */,
				24B116681325352E00CA8A10 /* DCTGravatarConnectionController.h */,
				24B116691325352E00CA8A10 /* DCTGravatarConnectionController.m */,
			);
			path = DCTGravatar;
			sourceTree = "<group>";
		};
		24B1163E1325352E00CA8A10 /* .git */ = {
			isa = PBXGroup;
			children = (
				24B1163F1325352E00CA8A10 /* branches */,
				24B116401325352E00CA8A10 /* config */,
				24B116411325352E00CA8A10 /* description */,
				24B116421325352E00CA8A10 /* HEAD */,
				24B116431325352E00CA8A10 /* hooks */,
				24B1164E1325352E00CA8A10 /* index */,
				24B1164F1325352E00CA8A10 /* info */,
				24B116511325352E00CA8A10 /* logs */,
				24B116571325352E00CA8A10 /* objects */,
				24B1165C1325352E00CA8A10 /* packed-refs */,
				24B1165D1325352E00CA8A10 /* refs */,
			);
			path = .git;
			sourceTree = "<group>";
		};
		24B1163F1325352E00CA8A10 /* branches */ = {
			isa = PBXGroup;
			children = (
			);
			path = branches;
			sourceTree = "<group>";
		};
		24B116431325352E00CA8A10 /* hooks */ = {
			isa = PBXGroup;
			children = (
				24B116441325352E00CA8A10 /* applypatch-msg.sample */,
				24B116451325352E00CA8A10 /* commit-msg.sample */,
				24B116461325352E00CA8A10 /* post-commit.sample */,
				24B116471325352E00CA8A10 /* post-receive.sample */,
				24B116481325352E00CA8A10 /* post-update.sample */,
				24B116491325352E00CA8A10 /* pre-applypatch.sample */,
				24B1164A1325352E00CA8A10 /* pre-commit.sample */,
				24B1164B1325352E00CA8A10 /* pre-rebase.sample */,
				24B1164C1325352E00CA8A10 /* prepare-commit-msg.sample */,
				24B1164D1325352E00CA8A10 /* update.sample */,
			);
			path = hooks;
			sourceTree = "<group>";
		};
		24B1164F1325352E00CA8A10 /* info */ = {
			isa = PBXGroup;
			children = (
				24B116501325352E00CA8A10 /* exclude */,
			);
			path = info;
			sourceTree = "<group>";
		};
		24B116511325352E00CA8A10 /* logs */ = {
			isa = PBXGroup;
			children = (
				24B116521325352E00CA8A10 /* HEAD */,
				24B116531325352E00CA8A10 /* refs */,
			);
			path = logs;
			sourceTree = "<group>";
		};
		24B116531325352E00CA8A10 /* refs */ = {
			isa = PBXGroup;
			children = (
				24B116541325352E00CA8A10 /* heads */,
			);
			path = refs;
			sourceTree = "<group>";
		};
		24B116541325352E00CA8A10 /* heads */ = {
			isa = PBXGroup;
			children = (
				24B116551325352E00CA8A10 /* master */,
				24B116561325352E00CA8A10 /* production */,
			);
			path = heads;
			sourceTree = "<group>";
		};
		24B116571325352E00CA8A10 /* objects */ = {
			isa = PBXGroup;
			children = (
				24B116581325352E00CA8A10 /* info */,
				24B116591325352E00CA8A10 /* pack */,
			);
			path = objects;
			sourceTree = "<group>";
		};
		24B116581325352E00CA8A10 /* info */ = {
			isa = PBXGroup;
			children = (
			);
			path = info;
			sourceTree = "<group>";
		};
		24B116591325352E00CA8A10 /* pack */ = {
			isa = PBXGroup;
			children = (
				24B1165A1325352E00CA8A10 /* pack-54265a6b1ce4f1452757f9b9b84521c3e42efdcc.idx */,
				24B1165B1325352E00CA8A10 /* pack-54265a6b1ce4f1452757f9b9b84521c3e42efdcc.pack */,
			);
			path = pack;
			sourceTree = "<group>";
		};
		24B1165D1325352E00CA8A10 /* refs */ = {
			isa = PBXGroup;
			children = (
				24B1165E1325352E00CA8A10 /* heads */,
				24B116611325352E00CA8A10 /* remotes */,
				24B116641325352E00CA8A10 /* tags */,
			);
			path = refs;
			sourceTree = "<group>";
		};
		24B1165E1325352E00CA8A10 /* heads */ = {
			isa = PBXGroup;
			children = (
				24B1165F1325352E00CA8A10 /* master */,
				24B116601325352E00CA8A10 /* production */,
			);
			path = heads;
			sourceTree = "<group>";
		};
		24B116611325352E00CA8A10 /* remotes */ = {
			isa = PBXGroup;
			children = (
				24B116621325352E00CA8A10 /* origin */,
			);
			path = remotes;
			sourceTree = "<group>";
		};
		24B116621325352E00CA8A10 /* origin */ = {
			isa = PBXGroup;
			children = (
				24B116631325352E00CA8A10 /* HEAD */,
			);
			path = origin;
			sourceTree = "<group>";
		};
		24B116641325352E00CA8A10 /* tags */ = {
			isa = PBXGroup;
			children = (
			);
			path = tags;
			sourceTree = "<group>";
		};
		24B116661325352E00CA8A10 /* DCTConnectionController */ = {
			isa = PBXGroup;
			children = (
			);
			path = DCTConnectionController;
			sourceTree = "<group>";
		};
		24B116671325352E00CA8A10 /* DCTFoundation */ = {
			isa = PBXGroup;
			children = (
			);
			path = DCTFoundation;
			sourceTree = "<group>";
		};
		24DA88A8132277080096098C /* DCTInstapaper */ = {
			isa = PBXGroup;
			children = (
				24DA88D3132277080096098C /* DCTInstapaperAddConnectionController.h */,
				24DA88D4132277080096098C /* DCTInstapaperAddConnectionController.m */,
				24DA88D5132277080096098C /* DCTInstapaperConnectionController.h */,
				24DA88D6132277080096098C /* DCTInstapaperConnectionController.m */,
				24DA88D7132277080096098C /* DCTInstapaperLoginConnectionController.h */,
				24DA88D8132277080096098C /* DCTInstapaperLoginConnectionController.m */,
			);
			path = DCTInstapaper;
			sourceTree = "<group>";
		};
		24EA152E130EC22200F20BC7 = {
			isa = PBXGroup;
			children = (
				240568801348D13A004FF828 /* DCTFoundation.xcodeproj */,
				2405688D1348D141004FF828 /* DCTConnectionController.xcodeproj */,
				24AD38271348E3CB0077BACA /* DCTCoreData.xcodeproj */,
				24B1163D1325352E00CA8A10 /* DCTGravatar */,
				24EA162F130EC31900F20BC7 /* DCTiAd */,
				24DA88A8132277080096098C /* DCTInstapaper */,
				24EA165B130EC31A00F20BC7 /* DCTUIKit */,
				2409A537130F1BAF00ED0C88 /* DTGridView */,
				24EA16B4130EC31A00F20BC7 /* DTNibHook */,
				24EA16DE130EC31A00F20BC7 /* DTResurrectionKit */,
				24A0F14B131D91990056DDC0 /* DataCenter */,
				24EA1545130EC22300F20BC7 /* DCTKit */,
				240567741348C794004FF828 /* Libraries */,
				24EA153C130EC22300F20BC7 /* Frameworks */,
				24EA153A130EC22300F20BC7 /* Products */,
			);
			sourceTree = "<group>";
		};
		24EA153A130EC22300F20BC7 /* Products */ = {
			isa = PBXGroup;
			children = (
				24EA1539130EC22300F20BC7 /* DCTKit.app */,
			);
			name = Products;
			sourceTree = "<group>";
		};
		24EA153C130EC22300F20BC7 /* Frameworks */ = {
			isa = PBXGroup;
			children = (
				24EA180D130EC39400F20BC7 /* QuartzCore.framework */,
				24EA180B130EC37900F20BC7 /* iAd.framework */,
				24EA153D130EC22300F20BC7 /* UIKit.framework */,
				24EA153F130EC22300F20BC7 /* Foundation.framework */,
				24EA1541130EC22300F20BC7 /* CoreGraphics.framework */,
				24EA1543130EC22300F20BC7 /* CoreData.framework */,
			);
			name = Frameworks;
			sourceTree = "<group>";
		};
		24EA1545130EC22300F20BC7 /* DCTKit */ = {
			isa = PBXGroup;
			children = (
				24EA154E130EC22300F20BC7 /* DCTKitAppDelegate.h */,
				24EA154F130EC22300F20BC7 /* DCTKitAppDelegate.m */,
				24EA1551130EC22300F20BC7 /* MainWindow.xib */,
				24EA1554130EC22300F20BC7 /* DCTKit.xcdatamodeld */,
				24EA1546130EC22300F20BC7 /* Supporting Files */,
			);
			path = DCTKit;
			sourceTree = "<group>";
		};
		24EA1546130EC22300F20BC7 /* Supporting Files */ = {
			isa = PBXGroup;
			children = (
				24EA1547130EC22300F20BC7 /* DCTKit-Info.plist */,
				24EA1548130EC22300F20BC7 /* InfoPlist.strings */,
				24EA154B130EC22300F20BC7 /* DCTKit-Prefix.pch */,
				24EA154C130EC22300F20BC7 /* main.m */,
			);
			name = "Supporting Files";
			sourceTree = "<group>";
		};
		24EA162F130EC31900F20BC7 /* DCTiAd */ = {
			isa = PBXGroup;
			children = (
				24EA1658130EC31A00F20BC7 /* DCTiAdViewController.h */,
				24EA1659130EC31A00F20BC7 /* DCTiAdViewController.m */,
			);
			path = DCTiAd;
			sourceTree = "<group>";
		};
		24EA165B130EC31A00F20BC7 /* DCTUIKit */ = {
			isa = PBXGroup;
			children = (
				24EA1683130EC31A00F20BC7 /* Categories */,
				24EA1698130EC31A00F20BC7 /* Core Data Based */,
				24EA16A1130EC31A00F20BC7 /* DCTTabBarController */,
				24EA16A8130EC31A00F20BC7 /* Section Controller */,
				24EA16AB130EC31A00F20BC7 /* View Controllers */,
			);
			path = DCTUIKit;
			sourceTree = "<group>";
		};
		24EA1683130EC31A00F20BC7 /* Categories */ = {
			isa = PBXGroup;
			children = (
				24EA1684130EC31A00F20BC7 /* UIAlertView+DCTErrorHandling.h */,
				24EA1685130EC31A00F20BC7 /* UIAlertView+DCTErrorHandling.m */,
				24EA1686130EC31A00F20BC7 /* UIColor+DCTComponents.h */,
				24EA1687130EC31A00F20BC7 /* UIColor+DCTComponents.m */,
				24EA1688130EC31A00F20BC7 /* UIColor+DCTHex.h */,
				24EA1689130EC31A00F20BC7 /* UIColor+DCTHex.m */,
				24EA168A130EC31A00F20BC7 /* UIDevice+DCTFeatureCheck.h */,
				24EA168B130EC31A00F20BC7 /* UIDevice+DCTFeatureCheck.m */,
				24EA168C130EC31A00F20BC7 /* UIDevice+DCTSystemVersion.h */,
				24EA168D130EC31A00F20BC7 /* UIDevice+DCTSystemVersion.m */,
				24EA168E130EC31A00F20BC7 /* UIResponder+DCTNextResponderExtensions.h */,
				24EA168F130EC31A00F20BC7 /* UIResponder+DCTNextResponderExtensions.m */,
				24EA1690130EC31A00F20BC7 /* UITableViewCell+DCTExtensions.h */,
				24EA1691130EC31A00F20BC7 /* UITableViewCell+DCTExtensions.m */,
				24EA1692130EC31A00F20BC7 /* UIView+DCTLogging.h */,
				24EA1693130EC31A00F20BC7 /* UIView+DCTLogging.m */,
				24EA1694130EC31A00F20BC7 /* UIView+DCTSubviewExtensions.h */,
				24EA1695130EC31A00F20BC7 /* UIView+DCTSubviewExtensions.m */,
				24EA1696130EC31A00F20BC7 /* UIViewController+DCTExtras.h */,
				24EA1697130EC31A00F20BC7 /* UIViewController+DCTExtras.m */,
			);
			path = Categories;
			sourceTree = "<group>";
		};
		24EA1698130EC31A00F20BC7 /* Core Data Based */ = {
			isa = PBXGroup;
			children = (
				24EA1699130EC31A00F20BC7 /* DCTCoreDataTableViewController.h */,
				24EA169A130EC31A00F20BC7 /* DCTCoreDataTableViewController.m */,
				24EA169B130EC31A00F20BC7 /* DCTCoreDataViewController.h */,
				24EA169C130EC31A00F20BC7 /* DCTCoreDataViewController.m */,
				24EA169D130EC31A00F20BC7 /* DCTFetchedResultsTableViewController.h */,
				24EA169E130EC31A00F20BC7 /* DCTFetchedResultsTableViewController.m */,
				24EA169F130EC31A00F20BC7 /* UIViewController+DCTCoreDataViewController.h */,
				24EA16A0130EC31A00F20BC7 /* UIViewController+DCTCoreDataViewController.m */,
			);
			path = "Core Data Based";
			sourceTree = "<group>";
		};
		24EA16A1130EC31A00F20BC7 /* DCTTabBarController */ = {
			isa = PBXGroup;
			children = (
				24EA16A2130EC31A00F20BC7 /* DCTTabBar.h */,
				24EA16A3130EC31A00F20BC7 /* DCTTabBar.m */,
				24EA16A4130EC31A00F20BC7 /* DCTTabBarController.h */,
				24EA16A5130EC31A00F20BC7 /* DCTTabBarController.m */,
				24EA16A6130EC31A00F20BC7 /* DCTUITabBar.h */,
				24EA16A7130EC31A00F20BC7 /* DCTUITabBar.m */,
			);
			path = DCTTabBarController;
			sourceTree = "<group>";
		};
		24EA16A8130EC31A00F20BC7 /* Section Controller */ = {
			isa = PBXGroup;
			children = (
				24EA16A9130EC31A00F20BC7 /* DCTTableViewSectionController.h */,
				24EA16AA130EC31A00F20BC7 /* DCTTableViewSectionController.m */,
			);
			path = "Section Controller";
			sourceTree = "<group>";
		};
		24EA16AB130EC31A00F20BC7 /* View Controllers */ = {
			isa = PBXGroup;
			children = (
				24EA16AC130EC31A00F20BC7 /* DCTContainerViewController.h */,
				24EA16AD130EC31A00F20BC7 /* DCTContainerViewController.m */,
				24EA16AE130EC31A00F20BC7 /* DCTContentViewController.h */,
				24EA16AF130EC31A00F20BC7 /* DCTContentViewController.m */,
				24EA16B0130EC31A00F20BC7 /* DCTTableViewController.h */,
				24EA16B1130EC31A00F20BC7 /* DCTTableViewController.m */,
				24EA16B2130EC31A00F20BC7 /* DCTViewController.h */,
				24EA16B3130EC31A00F20BC7 /* DCTViewController.m */,
			);
			path = "View Controllers";
			sourceTree = "<group>";
		};
		24EA16B4130EC31A00F20BC7 /* DTNibHook */ = {
			isa = PBXGroup;
			children = (
				24EA16DC130EC31A00F20BC7 /* DTNibHook.h */,
				24EA16DD130EC31A00F20BC7 /* DTNibHook.m */,
			);
			path = DTNibHook;
			sourceTree = "<group>";
		};
		24EA16DE130EC31A00F20BC7 /* DTResurrectionKit */ = {
			isa = PBXGroup;
			children = (
				24EA170A130EC31A00F20BC7 /* DTResurrectionController.h */,
				24EA170B130EC31A00F20BC7 /* DTResurrectionController.m */,
				24EA170C130EC31A00F20BC7 /* DTResurrectionKit.h */,
				24EA170D130EC31A00F20BC7 /* DTResurrector.h */,
				24EA170E130EC31A00F20BC7 /* DTResurrector.m */,
				24EA170F130EC31A00F20BC7 /* NSArray+DTResurrection.h */,
				24EA1710130EC31A00F20BC7 /* NSArray+DTResurrection.m */,
				24EA1711130EC31A00F20BC7 /* NSDictionary+DTResurrection.h */,
				24EA1712130EC31A00F20BC7 /* NSDictionary+DTResurrection.m */,
				24EA1713130EC31A00F20BC7 /* UINavigationController+DTResurrection.h */,
				24EA1714130EC31A00F20BC7 /* UINavigationController+DTResurrection.m */,
				24EA1715130EC31A00F20BC7 /* UITabBarController+DTResurrection.h */,
				24EA1716130EC31A00F20BC7 /* UITabBarController+DTResurrection.m */,
				24EA1717130EC31A00F20BC7 /* UIViewController+DTResurrection.h */,
				24EA1718130EC31A00F20BC7 /* UIViewController+DTResurrection.m */,
			);
			path = DTResurrectionKit;
			sourceTree = "<group>";
		};
/* End PBXGroup section */

/* Begin PBXNativeTarget section */
		24EA1538130EC22300F20BC7 /* DCTKit */ = {
			isa = PBXNativeTarget;
			buildConfigurationList = 24EA1559130EC22300F20BC7 /* Build configuration list for PBXNativeTarget "DCTKit" */;
			buildPhases = (
				24EA1536130EC22300F20BC7 /* Frameworks */,
				24EA1535130EC22300F20BC7 /* Sources */,
				24EA1537130EC22300F20BC7 /* Resources */,
			);
			buildRules = (
			);
			dependencies = (
			);
			name = DCTKit;
			productName = DCTKit;
			productReference = 24EA1539130EC22300F20BC7 /* DCTKit.app */;
			productType = "com.apple.product-type.application";
		};
/* End PBXNativeTarget section */

/* Begin PBXProject section */
		24EA1530130EC22200F20BC7 /* Project object */ = {
			isa = PBXProject;
			attributes = {
				ORGANIZATIONNAME = "Daniel Tull";
			};
			buildConfigurationList = 24EA1533130EC22200F20BC7 /* Build configuration list for PBXProject "DCTKit" */;
			compatibilityVersion = "Xcode 3.2";
			developmentRegion = English;
			hasScannedForEncodings = 0;
			knownRegions = (
				en,
			);
			mainGroup = 24EA152E130EC22200F20BC7;
			productRefGroup = 24EA153A130EC22300F20BC7 /* Products */;
			projectDirPath = "";
			projectReferences = (
				{
					ProductGroup = 2405688E1348D141004FF828 /* Products */;
					ProjectRef = 2405688D1348D141004FF828 /* DCTConnectionController.xcodeproj */;
				},
				{
					ProductGroup = 24AD38281348E3CB0077BACA /* Products */;
					ProjectRef = 24AD38271348E3CB0077BACA /* DCTCoreData.xcodeproj */;
				},
				{
					ProductGroup = 240568811348D13A004FF828 /* Products */;
					ProjectRef = 240568801348D13A004FF828 /* DCTFoundation.xcodeproj */;
				},
			);
			projectRoot = "";
			targets = (
				24EA1538130EC22300F20BC7 /* DCTKit */,
			);
		};
/* End PBXProject section */

/* Begin PBXReferenceProxy section */
		240568891348D13A004FF828 /* libDCTFoundation.a */ = {
			isa = PBXReferenceProxy;
			fileType = archive.ar;
			path = libDCTFoundation.a;
			remoteRef = 240568881348D13A004FF828 /* PBXContainerItemProxy */;
			sourceTree = BUILT_PRODUCTS_DIR;
		};
		2405688B1348D13A004FF828 /* DCTFoundationTests.octest */ = {
			isa = PBXReferenceProxy;
			fileType = wrapper.cfbundle;
			path = DCTFoundationTests.octest;
			remoteRef = 2405688A1348D13A004FF828 /* PBXContainerItemProxy */;
			sourceTree = BUILT_PRODUCTS_DIR;
		};
		2405689A1348D141004FF828 /* libDCTConnectionController.a */ = {
			isa = PBXReferenceProxy;
			fileType = archive.ar;
			path = libDCTConnectionController.a;
			remoteRef = 240568991348D141004FF828 /* PBXContainerItemProxy */;
			sourceTree = BUILT_PRODUCTS_DIR;
		};
		2405689C1348D141004FF828 /* DCTConnectionControllerTests.octest */ = {
			isa = PBXReferenceProxy;
			fileType = wrapper.cfbundle;
			path = DCTConnectionControllerTests.octest;
			remoteRef = 2405689B1348D141004FF828 /* PBXContainerItemProxy */;
			sourceTree = BUILT_PRODUCTS_DIR;
		};
		24AD38321348E3CB0077BACA /* libDCTCoreData.a */ = {
			isa = PBXReferenceProxy;
			fileType = archive.ar;
			path = libDCTCoreData.a;
			remoteRef = 24AD38311348E3CB0077BACA /* PBXContainerItemProxy */;
			sourceTree = BUILT_PRODUCTS_DIR;
		};
		24AD38341348E3CB0077BACA /* DCTCoreDataTests.octest */ = {
			isa = PBXReferenceProxy;
			fileType = wrapper.cfbundle;
			path = DCTCoreDataTests.octest;
			remoteRef = 24AD38331348E3CB0077BACA /* PBXContainerItemProxy */;
			sourceTree = BUILT_PRODUCTS_DIR;
		};
		24AD38361348E3CB0077BACA /* DCTCoreDataApp.app */ = {
			isa = PBXReferenceProxy;
			fileType = wrapper.application;
			path = DCTCoreDataApp.app;
			remoteRef = 24AD38351348E3CB0077BACA /* PBXContainerItemProxy */;
			sourceTree = BUILT_PRODUCTS_DIR;
		};
/* End PBXReferenceProxy section */

/* Begin PBXResourcesBuildPhase section */
		24EA1537130EC22300F20BC7 /* Resources */ = {
			isa = PBXResourcesBuildPhase;
			buildActionMask = 2147483647;
			files = (
				24EA154A130EC22300F20BC7 /* InfoPlist.strings in Resources */,
				24EA1553130EC22300F20BC7 /* MainWindow.xib in Resources */,
			);
			runOnlyForDeploymentPostprocessing = 0;
		};
/* End PBXResourcesBuildPhase section */

/* Begin PBXSourcesBuildPhase section */
		24EA1535130EC22300F20BC7 /* Sources */ = {
			isa = PBXSourcesBuildPhase;
			buildActionMask = 2147483647;
			files = (
				24EA154D130EC22300F20BC7 /* main.m in Sources */,
				24EA1550130EC22300F20BC7 /* DCTKitAppDelegate.m in Sources */,
				24EA1556130EC22300F20BC7 /* DCTKit.xcdatamodeld in Sources */,
				24EA17A2130EC31A00F20BC7 /* DCTiAdViewController.m in Sources */,
				24EA17BB130EC31A00F20BC7 /* UIAlertView+DCTErrorHandling.m in Sources */,
				24EA17BC130EC31A00F20BC7 /* UIColor+DCTComponents.m in Sources */,
				24EA17BD130EC31A00F20BC7 /* UIColor+DCTHex.m in Sources */,
				24EA17BE130EC31A00F20BC7 /* UIDevice+DCTFeatureCheck.m in Sources */,
				24EA17BF130EC31A00F20BC7 /* UIDevice+DCTSystemVersion.m in Sources */,
				24EA17C0130EC31A00F20BC7 /* UIResponder+DCTNextResponderExtensions.m in Sources */,
				24EA17C1130EC31A00F20BC7 /* UITableViewCell+DCTExtensions.m in Sources */,
				24EA17C2130EC31A00F20BC7 /* UIView+DCTLogging.m in Sources */,
				24EA17C3130EC31A00F20BC7 /* UIView+DCTSubviewExtensions.m in Sources */,
				24EA17C4130EC31A00F20BC7 /* UIViewController+DCTExtras.m in Sources */,
				24EA17C5130EC31A00F20BC7 /* DCTCoreDataTableViewController.m in Sources */,
				24EA17C6130EC31A00F20BC7 /* DCTCoreDataViewController.m in Sources */,
				24EA17C7130EC31A00F20BC7 /* DCTFetchedResultsTableViewController.m in Sources */,
				24EA17C8130EC31A00F20BC7 /* UIViewController+DCTCoreDataViewController.m in Sources */,
				24EA17C9130EC31A00F20BC7 /* DCTTabBar.m in Sources */,
				24EA17CA130EC31A00F20BC7 /* DCTTabBarController.m in Sources */,
				24EA17CB130EC31A00F20BC7 /* DCTUITabBar.m in Sources */,
				24EA17CC130EC31A00F20BC7 /* DCTTableViewSectionController.m in Sources */,
				24EA17CD130EC31A00F20BC7 /* DCTContainerViewController.m in Sources */,
				24EA17CE130EC31A00F20BC7 /* DCTContentViewController.m in Sources */,
				24EA17CF130EC31A00F20BC7 /* DCTTableViewController.m in Sources */,
				24EA17D0130EC31A00F20BC7 /* DCTViewController.m in Sources */,
				24EA17E9130EC31A00F20BC7 /* DTNibHook.m in Sources */,
				24EA1804130EC31A00F20BC7 /* DTResurrectionController.m in Sources */,
				24EA1805130EC31A00F20BC7 /* DTResurrector.m in Sources */,
				24EA1806130EC31A00F20BC7 /* NSArray+DTResurrection.m in Sources */,
				24EA1807130EC31A00F20BC7 /* NSDictionary+DTResurrection.m in Sources */,
				24EA1808130EC31A00F20BC7 /* UINavigationController+DTResurrection.m in Sources */,
				24EA1809130EC31A00F20BC7 /* UITabBarController+DTResurrection.m in Sources */,
				24EA180A130EC31A00F20BC7 /* UIViewController+DTResurrection.m in Sources */,
				2409A588130F1BB000ED0C88 /* DTGridView.m in Sources */,
				2409A589130F1BB000ED0C88 /* DTGridViewCell.m in Sources */,
				2409A58A130F1BB000ED0C88 /* DTGridViewController.m in Sources */,
				2409A58B130F1BB000ED0C88 /* DTInfiniteGridView.m in Sources */,
				2409A58C130F1BB000ED0C88 /* DTLabelsSnapGridViewCell.m in Sources */,
				2409A58D130F1BB000ED0C88 /* DTSnapGridView.m in Sources */,
				2409A58E130F1BB000ED0C88 /* DTSnapGridViewCell.m in Sources */,
				24A0F193131D91990056DDC0 /* DCTManagedObjectContextViewController.m in Sources */,
				24A0F194131D91990056DDC0 /* DCTManagedObjectRelationshipsViewController.m in Sources */,
				24A0F195131D91990056DDC0 /* DCTManagedObjectViewController.m in Sources */,
				24A0F196131D91990056DDC0 /* NSManagedObject+DCTNiceDescription.m in Sources */,
				24DA88F2132277080096098C /* DCTInstapaperAddConnectionController.m in Sources */,
				24DA88F3132277080096098C /* DCTInstapaperConnectionController.m in Sources */,
				24DA88F4132277080096098C /* DCTInstapaperLoginConnectionController.m in Sources */,
				24B116831325352E00CA8A10 /* DCTGravatarConnectionController.m in Sources */,
			);
			runOnlyForDeploymentPostprocessing = 0;
		};
/* End PBXSourcesBuildPhase section */

/* Begin PBXVariantGroup section */
		24EA1548130EC22300F20BC7 /* InfoPlist.strings */ = {
			isa = PBXVariantGroup;
			children = (
				24EA1549130EC22300F20BC7 /* en */,
			);
			name = InfoPlist.strings;
			sourceTree = "<group>";
		};
		24EA1551130EC22300F20BC7 /* MainWindow.xib */ = {
			isa = PBXVariantGroup;
			children = (
				24EA1552130EC22300F20BC7 /* en */,
			);
			name = MainWindow.xib;
			sourceTree = "<group>";
		};
/* End PBXVariantGroup section */

/* Begin XCBuildConfiguration section */
		24EA1557130EC22300F20BC7 /* Debug */ = {
			isa = XCBuildConfiguration;
			buildSettings = {
				ARCHS = "$(ARCHS_STANDARD_32_BIT)";
				"CODE_SIGN_IDENTITY[sdk=iphoneos*]" = "iPhone Developer";
				GCC_C_LANGUAGE_STANDARD = gnu99;
				GCC_OPTIMIZATION_LEVEL = 0;
				GCC_PREPROCESSOR_DEFINITIONS = DEBUG;
				GCC_TREAT_WARNINGS_AS_ERRORS = YES;
				GCC_VERSION = com.apple.compilers.llvm.clang.1_0;
				GCC_WARN_64_TO_32_BIT_CONVERSION = YES;
				GCC_WARN_ABOUT_MISSING_FIELD_INITIALIZERS = YES;
				GCC_WARN_ABOUT_MISSING_NEWLINE = YES;
				GCC_WARN_ABOUT_RETURN_TYPE = YES;
				GCC_WARN_CHECK_SWITCH_STATEMENTS = YES;
				GCC_WARN_INITIALIZER_NOT_FULLY_BRACKETED = YES;
				GCC_WARN_MISSING_PARENTHESES = YES;
				GCC_WARN_SHADOW = YES;
				GCC_WARN_SIGN_COMPARE = YES;
				GCC_WARN_TYPECHECK_CALLS_TO_PRINTF = YES;
				GCC_WARN_UNDECLARED_SELECTOR = YES;
				GCC_WARN_UNUSED_FUNCTION = YES;
				GCC_WARN_UNUSED_LABEL = YES;
				GCC_WARN_UNUSED_VALUE = YES;
				GCC_WARN_UNUSED_VARIABLE = YES;
				HEADER_SEARCH_PATHS = DCTFoundation/;
				IPHONEOS_DEPLOYMENT_TARGET = 4.3;
				OTHER_LDFLAGS = "-ObjC";
				SDKROOT = iphoneos;
			};
			name = Debug;
		};
		24EA1558130EC22300F20BC7 /* Release */ = {
			isa = XCBuildConfiguration;
			buildSettings = {
				ARCHS = "$(ARCHS_STANDARD_32_BIT)";
				"CODE_SIGN_IDENTITY[sdk=iphoneos*]" = "iPhone Developer";
				GCC_C_LANGUAGE_STANDARD = gnu99;
				GCC_TREAT_WARNINGS_AS_ERRORS = YES;
				GCC_VERSION = com.apple.compilers.llvm.clang.1_0;
				GCC_WARN_64_TO_32_BIT_CONVERSION = YES;
				GCC_WARN_ABOUT_MISSING_FIELD_INITIALIZERS = YES;
				GCC_WARN_ABOUT_MISSING_NEWLINE = YES;
				GCC_WARN_ABOUT_RETURN_TYPE = YES;
				GCC_WARN_CHECK_SWITCH_STATEMENTS = YES;
				GCC_WARN_INITIALIZER_NOT_FULLY_BRACKETED = YES;
				GCC_WARN_MISSING_PARENTHESES = YES;
				GCC_WARN_SHADOW = YES;
				GCC_WARN_SIGN_COMPARE = YES;
				GCC_WARN_TYPECHECK_CALLS_TO_PRINTF = YES;
				GCC_WARN_UNDECLARED_SELECTOR = YES;
				GCC_WARN_UNUSED_FUNCTION = YES;
				GCC_WARN_UNUSED_LABEL = YES;
				GCC_WARN_UNUSED_VALUE = YES;
				GCC_WARN_UNUSED_VARIABLE = YES;
				HEADER_SEARCH_PATHS = DCTFoundation/;
				IPHONEOS_DEPLOYMENT_TARGET = 4.3;
				OTHER_CFLAGS = "-DNS_BLOCK_ASSERTIONS=1";
				OTHER_LDFLAGS = "-ObjC";
				RUN_CLANG_STATIC_ANALYZER = YES;
				SDKROOT = iphoneos;
			};
			name = Release;
		};
		24EA155A130EC22300F20BC7 /* Debug */ = {
			isa = XCBuildConfiguration;
			buildSettings = {
				ALWAYS_SEARCH_USER_PATHS = NO;
				COPY_PHASE_STRIP = NO;
				GCC_DYNAMIC_NO_PIC = NO;
				GCC_PRECOMPILE_PREFIX_HEADER = YES;
				GCC_PREFIX_HEADER = "DCTKit/DCTKit-Prefix.pch";
				HEADER_SEARCH_PATHS = (
					DCTFoundation/,
					"DCTConnectionController/**",
				);
				INFOPLIST_FILE = "DCTKit/DCTKit-Info.plist";
				INSTALL_PATH = "$(LOCAL_APPS_DIR)";
				LIBRARY_SEARCH_PATHS = (
					"$(inherited)",
					"\"$(SRCROOT)\"",
				);
				PRODUCT_NAME = "$(TARGET_NAME)";
				WRAPPER_EXTENSION = app;
			};
			name = Debug;
		};
		24EA155B130EC22300F20BC7 /* Release */ = {
			isa = XCBuildConfiguration;
			buildSettings = {
				ALWAYS_SEARCH_USER_PATHS = NO;
				COPY_PHASE_STRIP = YES;
				GCC_PRECOMPILE_PREFIX_HEADER = YES;
				GCC_PREFIX_HEADER = "DCTKit/DCTKit-Prefix.pch";
				HEADER_SEARCH_PATHS = (
					DCTFoundation/,
					"DCTConnectionController/**",
				);
				INFOPLIST_FILE = "DCTKit/DCTKit-Info.plist";
				INSTALL_PATH = "$(LOCAL_APPS_DIR)";
				LIBRARY_SEARCH_PATHS = (
					"$(inherited)",
					"\"$(SRCROOT)\"",
				);
				PRODUCT_NAME = "$(TARGET_NAME)";
				VALIDATE_PRODUCT = YES;
				WRAPPER_EXTENSION = app;
			};
			name = Release;
		};
/* End XCBuildConfiguration section */

/* Begin XCConfigurationList section */
		24EA1533130EC22200F20BC7 /* Build configuration list for PBXProject "DCTKit" */ = {
			isa = XCConfigurationList;
			buildConfigurations = (
				24EA1557130EC22300F20BC7 /* Debug */,
				24EA1558130EC22300F20BC7 /* Release */,
			);
			defaultConfigurationIsVisible = 0;
			defaultConfigurationName = Release;
		};
		24EA1559130EC22300F20BC7 /* Build configuration list for PBXNativeTarget "DCTKit" */ = {
			isa = XCConfigurationList;
			buildConfigurations = (
				24EA155A130EC22300F20BC7 /* Debug */,
				24EA155B130EC22300F20BC7 /* Release */,
			);
			defaultConfigurationIsVisible = 0;
			defaultConfigurationName = Release;
		};
/* End XCConfigurationList section */

/* Begin XCVersionGroup section */
		24EA1554130EC22300F20BC7 /* DCTKit.xcdatamodeld */ = {
			isa = XCVersionGroup;
			children = (
				24EA1555130EC22300F20BC7 /* DCTKit.xcdatamodel */,
			);
			currentVersion = 24EA1555130EC22300F20BC7 /* DCTKit.xcdatamodel */;
			path = DCTKit.xcdatamodeld;
			sourceTree = "<group>";
			versionGroupType = wrapper.xcdatamodel;
		};
/* End XCVersionGroup section */
	};
	rootObject = 24EA1530130EC22200F20BC7 /* Project object */;
}
